version = 1
revision = 3
requires-python = ">=3.14"

[[package]]
name = "basedpyright"
version = "1.39.6"
source = { registry = "https://pypi.org/simple" }
dependencies = [
    { name = "nodejs-wheel-binaries" },
]
sdist = { url = "https://files.pythonhosted.org/packages/7a/1a/48296b4479ccc9051eb9617a6507a69a68f5b68693fb6a118cfe08199270/basedpyright-1.39.6.tar.gz", hash = "sha256:d00ec5f8ba4e1a67dfc2fa3a9474229c89f61f207d14c02d320db78f57aa16ef", size = 25504244, upload-time = "2026-05-24T07:44:41.864Z" }
wheels = [
    { url = "https://files.pythonhosted.org/packages/d4/07/6d1b3192715d42e8c9887876684a941eff28ec5d79c23a0f3758377e2182/basedpyright-1.39.6-py3-none-any.whl", hash = "sha256:5e0b9befbae6b26d0fbcc6645ac26923725e749d1224539e24f05ab07f9365ad", size = 13182122, upload-time = "2026-05-24T07:44:47.086Z" },
]

[[package]]
name = "claudelint"
version = "0.3.6"
source = { registry = "https://pypi.org/simple" }
dependencies = [
    { name = "pyyaml" },
]
sdist = { url = "https://files.pythonhosted.org/packages/2c/e5/3efdb4c94579bf0aa4ef5fc39c879af342db15029e82988b2c98db2f2b0d/claudelint-0.3.6.tar.gz", hash = "sha256:42d4c3364cc54f65d454834f3a0b8e68d2e1de8e1e0052f20ebf5bd8ebdca328", size = 38137, upload-time = "2026-03-25T13:03:23.585Z" }
wheels = [
    { url = "https://files.pythonhosted.org/packages/60/b9/de653cac6b35533aab23b3f9723f79198e8ad9cae89e3b562fbe3ba41b37/claudelint-0.3.6-py3-none-any.whl", hash = "sha256:bfae5513876d9866c2ceab4613c3a53abcc01973fcc464145e9cbce12791f0d0", size = 31061, upload-time = "2026-03-25T13:03:22.034Z" },
]

[[package]]
name = "colorama"
version = "0.4.6"
source = { registry = "https://pypi.org/simple" }
sdist = { url = "https://files.pythonhosted.org/packages/d8/53/6f443c9a4a8358a93a6792e2acffb9d9d5cb0a5cfd8802644b7b1c9a02e4/colorama-0.4.6.tar.gz", hash = "sha256:08695f5cb7ed6e0531a20572697297273c47b8cae5a63ffc6d6ed5c201be6e44", size = 27697, upload-time = "2022-10-25T02:36:22.414Z" }
wheels = [
    { url = "https://files.pythonhosted.org/packages/d1/d6/3965ed04c63042e047cb6a3e6ed1a63a35087b6a609aa3a15ed8ac56c221/colorama-0.4.6-py2.py3-none-any.whl", hash = "sha256:4f1d9991f5acc0ca119f9d443620b77f9d6b33703e51011c16baf57afb285fc6", size = 25335, upload-time = "2022-10-25T02:36:20.889Z" },
]

[[package]]
name = "iniconfig"
version = "2.3.0"
source = { registry = "https://pypi.org/simple" }
sdist = { url = "https://files.pythonhosted.org/packages/72/34/14ca021ce8e5dfedc35312d08ba8bf51fdd999c576889fc2c24cb97f4f10/iniconfig-2.3.0.tar.gz", hash = "sha256:c76315c77db068650d49c5b56314774a7804df16fee4402c1f19d6d15d8c4730", size = 20503, upload-time = "2025-10-18T21:55:43.219Z" }
wheels = [
    { url = "https://files.pythonhosted.org/packages/cb/b1/3846dd7f199d53cb17f49cba7e651e9ce294d8497c8c150530ed11865bb8/iniconfig-2.3.0-py3-none-any.whl", hash = "sha256:f631c04d2c48c52b84d0d0549c99ff3859c98df65b3101406327ecc7d53fbf12", size = 7484, upload-time = "2025-10-18T21:55:41.639Z" },
]

[[package]]
name = "llm-configs"
version = "1.0.0"
source = { virtual = "." }

[package.dev-dependencies]
dev = [
    { name = "basedpyright" },
    { name = "claudelint" },
    { name = "pytest" },
    { name = "ruff" },
    { name = "tombi" },
    { name = "ty" },
    { name = "vulture" },
]

[package.metadata]

[package.metadata.requires-dev]
dev = [
    { name = "basedpyright" },
    { name = "claudelint" },
    { name = "pytest" },
    { name = "ruff" },
    { name = "tombi" },
    { name = "ty" },
    { name = "vulture" },
]

[[package]]
name = "nodejs-wheel-binaries"
version = "24.16.0"
source = { registry = "https://pypi.org/simple" }
sdist = { url = "https://files.pythonhosted.org/packages/a3/22/2a5beb4e21417c73233d9f65cf6f3e96e891b80d2f550a8f630ebc6b88c6/nodejs_wheel_binaries-24.16.0.tar.gz", hash = "sha256:c973cb69dc5fd16e6f6dc6e579e2c3d5534e2a1f57619dddf5ba070efa7dde37", size = 8056, upload-time = "2026-05-30T16:52:09.807Z" }
wheels = [
    { url = "https://files.pythonhosted.org/packages/83/d1/68b43b53cd0fa83ae6fd406705023ca988d9e0ca41c724d82e66fbeb2ef6/nodejs_wheel_binaries-24.16.0-py2.py3-none-macosx_13_0_arm64.whl", hash = "sha256:d9f8f677dcf30e37ac244f07869726abe043f01eb0f45722b1df31cc2af7093c", size = 55666374, upload-time = "2026-05-30T16:51:39.588Z" },
    { url = "https://files.pythonhosted.org/packages/e9/b2/40a989159599080da485de966c4c2d207e852ac7aa7864702626d96c8bf5/nodejs_wheel_binaries-24.16.0-py2.py3-none-macosx_13_0_x86_64.whl", hash = "sha256:3d0370fe7120ce9697a4f60d40480d2bd8808d9f30131458d5afc0040d4e5a51", size = 55838487, upload-time = "2026-05-30T16:51:43.383Z" },
    { url = "https://files.pythonhosted.org/packages/d7/a7/cd42174fb5ff6faff7fa8d326a18914d8f232098ab5de055b57c16fa13ca/nodejs_wheel_binaries-24.16.0-py2.py3-none-manylinux_2_28_aarch64.whl", hash = "sha256:85dc92bbb79c851569c5925dcc2a4c915a034efab375f99e4e7e6bbe9cca8342", size = 60179540, upload-time = "2026-05-30T16:51:47.036Z" },
    { url = "https://files.pythonhosted.org/packages/2b/95/c8a1f9ae140aa28df8744d984d01d4b3af7cdd6555af12127f40ceb45a7d/nodejs_wheel_binaries-24.16.0-py2.py3-none-manylinux_2_28_x86_64.whl", hash = "sha256:2f3036292811514ba847b3708492644764f88a833ac425c5f55007014308ddfd", size = 60716262, upload-time = "2026-05-30T16:51:50.711Z" },
    { url = "https://files.pythonhosted.org/packages/64/c9/7c35b3737f59e36d0249c265397b7bff570519b95301d6e16ea361e904ad/nodejs_wheel_binaries-24.16.0-py2.py3-none-musllinux_1_2_aarch64.whl", hash = "sha256:db8a8a76ebd2b28ecbfc9ad464baa3707241b9e050a30e2efdf6f60c0f886502", size = 62230592, upload-time = "2026-05-30T16:51:55Z" },
    { url = "https://files.pythonhosted.org/packages/04/96/d931255cf9d11a84d6b54d882dba7434646467d568ccf070ea3418638df3/nodejs_wheel_binaries-24.16.0-py2.py3-none-musllinux_1_2_x86_64.whl", hash = "sha256:f1a3d8f7b4491cbbd023ba3fc4e901fcca2d9fb80d57f24ba3890de8b1dbac03", size = 62841759, upload-time = "2026-05-30T16:51:59.407Z" },
    { url = "https://files.pythonhosted.org/packages/a2/7b/8b7a3f41bc255411be30b6d7d288aab8ffd9ea2055db8555ced3548007b9/nodejs_wheel_binaries-24.16.0-py2.py3-none-win_amd64.whl", hash = "sha256:bb136be9944f0662dcf1120f45193a6b75b13fac378971a95cc42c9f879a81aa", size = 42027734, upload-time = "2026-05-30T16:52:03.348Z" },
    { url = "https://files.pythonhosted.org/packages/17/66/1ed71f1f529b8ca727d42c7ceb9db0bef145ce4a13dfc86fb50aa44f3be6/nodejs_wheel_binaries-24.16.0-py2.py3-none-win_arm64.whl", hash = "sha256:8308940b5edd0a50dc5267ea36ba21c9f668e83fe0d9f293937174d3a7e31c36", size = 39714528, upload-time = "2026-05-30T16:52:06.421Z" },
]

[[package]]
name = "packaging"
version = "26.2"
source = { registry = "https://pypi.org/simple" }
sdist = { url = "https://files.pythonhosted.org/packages/d7/f1/e7a6dd94a8d4a5626c03e4e99c87f241ba9e350cd9e6d75123f992427270/packaging-26.2.tar.gz", hash = "sha256:ff452ff5a3e828ce110190feff1178bb1f2ea2281fa2075aadb987c2fb221661", size = 228134, upload-time = "2026-04-24T20:15:23.917Z" }
wheels = [
    { url = "https://files.pythonhosted.org/packages/df/b2/87e62e8c3e2f4b32e5fe99e0b86d576da1312593b39f47d8ceef365e95ed/packaging-26.2-py3-none-any.whl", hash = "sha256:5fc45236b9446107ff2415ce77c807cee2862cb6fac22b8a73826d0693b0980e", size = 100195, upload-time = "2026-04-24T20:15:22.081Z" },
]

[[package]]
name = "pluggy"
version = "1.6.0"
source = { registry = "https://pypi.org/simple" }
sdist = { url = "https://files.pythonhosted.org/packages/f9/e2/3e91f31a7d2b083fe6ef3fa267035b518369d9511ffab804f839851d2779/pluggy-1.6.0.tar.gz", hash = "sha256:7dcc130b76258d33b90f61b658791dede3486c3e6bfb003ee5c9bfb396dd22f3", size = 69412, upload-time = "2025-05-15T12:30:07.975Z" }
wheels = [
    { url = "https://files.pythonhosted.org/packages/54/20/4d324d65cc6d9205fabedc306948156824eb9f0ee1633355a8f7ec5c66bf/pluggy-1.6.0-py3-none-any.whl", hash = "sha256:e920276dd6813095e9377c0bc5566d94c932c33b27a3e3945d8389c374dd4746", size = 20538, upload-time = "2025-05-15T12:30:06.134Z" },
]

[[package]]
name = "pygments"
version = "2.20.0"
source = { registry = "https://pypi.org/simple" }
sdist = { url = "https://files.pythonhosted.org/packages/c3/b2/bc9c9196916376152d655522fdcebac55e66de6603a76a02bca1b6414f6c/pygments-2.20.0.tar.gz", hash = "sha256:6757cd03768053ff99f3039c1a36d6c0aa0b263438fcab17520b30a303a82b5f", size = 4955991, upload-time = "2026-03-29T13:29:33.898Z" }
wheels = [
    { url = "https://files.pythonhosted.org/packages/f4/7e/a72dd26f3b0f4f2bf1dd8923c85f7ceb43172af56d63c7383eb62b332364/pygments-2.20.0-py3-none-any.whl", hash = "sha256:81a9e26dd42fd28a23a2d169d86d7ac03b46e2f8b59ed4698fb4785f946d0176", size = 1231151, upload-time = "2026-03-29T13:29:30.038Z" },
]

[[package]]
name = "pytest"
version = "9.0.3"
source = { registry = "https://pypi.org/simple" }
dependencies = [
    { name = "colorama", marker = "sys_platform == 'win32'" },
    { name = "iniconfig" },
    { name = "packaging" },
    { name = "pluggy" },
    { name = "pygments" },
]
sdist = { url = "https://files.pythonhosted.org/packages/7d/0d/549bd94f1a0a402dc8cf64563a117c0f3765662e2e668477624baeec44d5/pytest-9.0.3.tar.gz", hash = "sha256:b86ada508af81d19edeb213c681b1d48246c1a91d304c6c81a427674c17eb91c", size = 1572165, upload-time = "2026-04-07T17:16:18.027Z" }
wheels = [
    { url = "https://files.pythonhosted.org/packages/d4/24/a372aaf5c9b7208e7112038812994107bc65a84cd00e0354a88c2c77a617/pytest-9.0.3-py3-none-any.whl", hash = "sha256:2c5efc453d45394fdd706ade797c0a81091eccd1d6e4bccfcd476e2b8e0ab5d9", size = 375249, upload-time = "2026-04-07T17:16:16.13Z" },
]

[[package]]
name = "pyyaml"
version = "6.0.3"
source = { registry = "https://pypi.org/simple" }
sdist = { url = "https://files.pythonhosted.org/packages/05/8e/961c0007c59b8dd7729d542c61a4d537767a59645b82a0b521206e1e25c2/pyyaml-6.0.3.tar.gz", hash = "sha256:d76623373421df22fb4cf8817020cbb7ef15c725b9d5e45f17e189bfc384190f", size = 130960, upload-time = "2025-09-25T21:33:16.546Z" }
wheels = [
    { url = "https://files.pythonhosted.org/packages/9d/8c/f4bd7f6465179953d3ac9bc44ac1a8a3e6122cf8ada906b4f96c60172d43/pyyaml-6.0.3-cp314-cp314-macosx_10_13_x86_64.whl", hash = "sha256:8d1fab6bb153a416f9aeb4b8763bc0f22a5586065f86f7664fc23339fc1c1fac", size = 181814, upload-time = "2025-09-25T21:32:35.712Z" },
    { url = "https://files.pythonhosted.org/packages/bd/9c/4d95bb87eb2063d20db7b60faa3840c1b18025517ae857371c4dd55a6b3a/pyyaml-6.0.3-cp314-cp314-macosx_11_0_arm64.whl", hash = "sha256:34d5fcd24b8445fadc33f9cf348c1047101756fd760b4dacb5c3e99755703310", size = 173809, upload-time = "2025-09-25T21:32:36.789Z" },
    { url = "https://files.pythonhosted.org/packages/92/b5/47e807c2623074914e29dabd16cbbdd4bf5e9b2db9f8090fa64411fc5382/pyyaml-6.0.3-cp314-cp314-manylinux2014_aarch64.manylinux_2_17_aarch64.manylinux_2_28_aarch64.whl", hash = "sha256:501a031947e3a9025ed4405a168e6ef5ae3126c59f90ce0cd6f2bfc477be31b7", size = 766454, upload-time = "2025-09-25T21:32:37.966Z" },
    { url = "https://files.pythonhosted.org/packages/02/9e/e5e9b168be58564121efb3de6859c452fccde0ab093d8438905899a3a483/pyyaml-6.0.3-cp314-cp314-manylinux2014_s390x.manylinux_2_17_s390x.manylinux_2_28_s390x.whl", hash = "sha256:b3bc83488de33889877a0f2543ade9f70c67d66d9ebb4ac959502e12de895788", size = 836355, upload-time = "2025-09-25T21:32:39.178Z" },
    { url = "https://files.pythonhosted.org/packages/88/f9/16491d7ed2a919954993e48aa941b200f38040928474c9e85ea9e64222c3/pyyaml-6.0.3-cp314-cp314-manylinux2014_x86_64.manylinux_2_17_x86_64.manylinux_2_28_x86_64.whl", hash = "sha256:c458b6d084f9b935061bc36216e8a69a7e293a2f1e68bf956dcd9e6cbcd143f5", size = 794175, upload-time = "2025-09-25T21:32:40.865Z" },
    { url = "https://files.pythonhosted.org/packages/dd/3f/5989debef34dc6397317802b527dbbafb2b4760878a53d4166579111411e/pyyaml-6.0.3-cp314-cp314-musllinux_1_2_aarch64.whl", hash = "sha256:7c6610def4f163542a622a73fb39f534f8c101d690126992300bf3207eab9764", size = 755228, upload-time = "2025-09-25T21:32:42.084Z" },
    { url = "https://files.pythonhosted.org/packages/d7/ce/af88a49043cd2e265be63d083fc75b27b6ed062f5f9fd6cdc223ad62f03e/pyyaml-6.0.3-cp314-cp314-musllinux_1_2_x86_64.whl", hash = "sha256:5190d403f121660ce8d1d2c1bb2ef1bd05b5f68533fc5c2ea899bd15f4399b35", size = 789194, upload-time = "2025-09-25T21:32:43.362Z" },
    { url = "https://files.pythonhosted.org/packages/23/20/bb6982b26a40bb43951265ba29d4c246ef0ff59c9fdcdf0ed04e0687de4d/pyyaml-6.0.3-cp314-cp314-win_amd64.whl", hash = "sha256:4a2e8cebe2ff6ab7d1050ecd59c25d4c8bd7e6f400f5f82b96557ac0abafd0ac", size = 156429, upload-time = "2025-09-25T21:32:57.844Z" },
    { url = "https://files.pythonhosted.org/packages/f4/f4/a4541072bb9422c8a883ab55255f918fa378ecf083f5b85e87fc2b4eda1b/pyyaml-6.0.3-cp314-cp314-win_arm64.whl", hash = "sha256:93dda82c9c22deb0a405ea4dc5f2d0cda384168e466364dec6255b293923b2f3", size = 143912, upload-time = "2025-09-25T21:32:59.247Z" },
    { url = "https://files.pythonhosted.org/packages/7c/f9/07dd09ae774e4616edf6cda684ee78f97777bdd15847253637a6f052a62f/pyyaml-6.0.3-cp314-cp314t-macosx_10_13_x86_64.whl", hash = "sha256:02893d100e99e03eda1c8fd5c441d8c60103fd175728e23e431db1b589cf5ab3", size = 189108, upload-time = "2025-09-25T21:32:44.377Z" },
    { url = "https://files.pythonhosted.org/packages/4e/78/8d08c9fb7ce09ad8c38ad533c1191cf27f7ae1effe5bb9400a46d9437fcf/pyyaml-6.0.3-cp314-cp314t-macosx_11_0_arm64.whl", hash = "sha256:c1ff362665ae507275af2853520967820d9124984e0f7466736aea23d8611fba", size = 183641, upload-time = "2025-09-25T21:32:45.407Z" },
    { url = "https://files.pythonhosted.org/packages/7b/5b/3babb19104a46945cf816d047db2788bcaf8c94527a805610b0289a01c6b/pyyaml-6.0.3-cp314-cp314t-manylinux2014_aarch64.manylinux_2_17_aarch64.manylinux_2_28_aarch64.whl", hash = "sha256:6adc77889b628398debc7b65c073bcb99c4a0237b248cacaf3fe8a557563ef6c", size = 831901, upload-time = "2025-09-25T21:32:48.83Z" },
    { url = "https://files.pythonhosted.org/packages/8b/cc/dff0684d8dc44da4d22a13f35f073d558c268780ce3c6ba1b87055bb0b87/pyyaml-6.0.3-cp314-cp314t-manylinux2014_s390x.manylinux_2_17_s390x.manylinux_2_28_s390x.whl", hash = "sha256:a80cb027f6b349846a3bf6d73b5e95e782175e52f22108cfa17876aaeff93702", size = 861132, upload-time = "2025-09-25T21:32:50.149Z" },
    { url = "https://files.pythonhosted.org/packages/b1/5e/f77dc6b9036943e285ba76b49e118d9ea929885becb0a29ba8a7c75e29fe/pyyaml-6.0.3-cp314-cp314t-manylinux2014_x86_64.manylinux_2_17_x86_64.manylinux_2_28_x86_64.whl", hash = "sha256:00c4bdeba853cc34e7dd471f16b4114f4162dc03e6b7afcc2128711f0eca823c", size = 839261, upload-time = "2025-09-25T21:32:51.808Z" },
    { url = "https://files.pythonhosted.org/packages/ce/88/a9db1376aa2a228197c58b37302f284b5617f56a5d959fd1763fb1675ce6/pyyaml-6.0.3-cp314-cp314t-musllinux_1_2_aarch64.whl", hash = "sha256:66e1674c3ef6f541c35191caae2d429b967b99e02040f5ba928632d9a7f0f065", size = 805272, upload-time = "2025-09-25T21:32:52.941Z" },
    { url = "https://files.pythonhosted.org/packages/da/92/1446574745d74df0c92e6aa4a7b0b3130706a4142b2d1a5869f2eaa423c6/pyyaml-6.0.3-cp314-cp314t-musllinux_1_2_x86_64.whl", hash = "sha256:16249ee61e95f858e83976573de0f5b2893b3677ba71c9dd36b9cf8be9ac6d65", size = 829923, upload-time = "2025-09-25T21:32:54.537Z" },
    { url = "https://files.pythonhosted.org/packages/f0/7a/1c7270340330e575b92f397352af856a8c06f230aa3e76f86b39d01b416a/pyyaml-6.0.3-cp314-cp314t-win_amd64.whl", hash = "sha256:4ad1906908f2f5ae4e5a8ddfce73c320c2a1429ec52eafd27138b7f1cbe341c9", size = 174062, upload-time = "2025-09-25T21:32:55.767Z" },
    { url = "https://files.pythonhosted.org/packages/f1/12/de94a39c2ef588c7e6455cfbe7343d3b2dc9d6b6b2f40c4c6565744c873d/pyyaml-6.0.3-cp314-cp314t-win_arm64.whl", hash = "sha256:ebc55a14a21cb14062aa4162f906cd962b28e2e9ea38f9b4391244cd8de4ae0b", size = 149341, upload-time = "2025-09-25T21:32:56.828Z" },
]

[[package]]
name = "ruff"
version = "0.15.15"
source = { registry = "https://pypi.org/simple" }
sdist = { url = "https://files.pythonhosted.org/packages/84/6f/a76f7d96e5c962f5b69cee865e49c15c1116897c01990faa8a57edb62e7f/ruff-0.15.15.tar.gz", hash = "sha256:b8dff018130b46d8e5bf0f926ef6b60cf871d6d5ae45fc9334e09632daa741d6", size = 4706985, upload-time = "2026-05-28T14:16:57.784Z" }
wheels = [
    { url = "https://files.pythonhosted.org/packages/fa/9d/3a45c05b8ab04b4705989de70a79008e27c8003296a0feaee9edc18dd7e9/ruff-0.15.15-py3-none-linux_armv6l.whl", hash = "sha256:cf93e5388f412e1b108b1f8b34a6e036b70fe8aff89393befad96fe48670311b", size = 10710652, upload-time = "2026-05-28T14:16:06.701Z" },
    { url = "https://files.pythonhosted.org/packages/05/66/da974431624bf3b49f6ee1f9543c02d929ff1cba78b0d5a79c38cf21f744/ruff-0.15.15-py3-none-macosx_10_12_x86_64.whl", hash = "sha256:ac5a646d1f6a7dadd5d50842dae2c1f9862ac887ef5d1b1375e02def791fde6e", size = 11096615, upload-time = "2026-05-28T14:16:23.313Z" },
    { url = "https://files.pythonhosted.org/packages/8c/09/7443452e5d290230a712103f2fdceeef7184f3ec99a2bd01c8be78aaceb5/ruff-0.15.15-py3-none-macosx_11_0_arm64.whl", hash = "sha256:77d955a431430c66f72dd94e379ad38a16daea3d25094872ac4edf9e797be530", size = 10436683, upload-time = "2026-05-28T14:16:40.974Z" },
    { url = "https://files.pythonhosted.org/packages/53/01/d330c26a57fa4f3943a14424904027428315b700fe4d14a84bb123a649e5/ruff-0.15.15-py3-none-manylinux_2_17_aarch64.manylinux2014_aarch64.whl", hash = "sha256:7614ee79c69788cf6cedd568069ade9cecc22a1ad20494efe8d0c9ebb4b622d4", size = 10769064, upload-time = "2026-05-28T14:16:28.905Z" },
    { url = "https://files.pythonhosted.org/packages/1d/85/cc8770f8bdff541b1da8392d1634141fe4a0e3f4ee596605959b7906c27f/ruff-0.15.15-py3-none-manylinux_2_17_armv7l.manylinux2014_armv7l.whl", hash = "sha256:3cdb1679e06a1f6b47bc384714ae96f6e2fb65ca441eb78c43d2ca554176ce1f", size = 10511987, upload-time = "2026-05-28T14:16:43.732Z" },
    { url = "https://files.pythonhosted.org/packages/7c/29/8c190c1472b63013583ba391f3342036e02010544c1270455ed8e519bdf3/ruff-0.15.15-py3-none-manylinux_2_17_i686.manylinux2014_i686.whl", hash = "sha256:2728b93d7b23a603ea2c0ac6eb73d760bd38ec9de35f35fb41e18f7a3fee7622", size = 11275100, upload-time = "2026-05-28T14:16:55.244Z" },
    { url = "https://files.pythonhosted.org/packages/9f/6b/7e145ce2cc8e63d6834eca03d83a0e18d121def5c69f91b4cf4011ed4879/ruff-0.15.15-py3-none-manylinux_2_17_ppc64le.manylinux2014_ppc64le.whl", hash = "sha256:be582fcc0db438902c7792b08d6ddf6c9b9e21addaa10092c2c741cfb09e5a45", size = 12176903, upload-time = "2026-05-28T14:16:14.368Z" },
    { url = "https://files.pythonhosted.org/packages/80/a3/d5974637f68e451f7fadf015cf3101d1cd7d8ba5027cffe0b9e3826ebe6b/ruff-0.15.15-py3-none-manylinux_2_17_s390x.manylinux2014_s390x.whl", hash = "sha256:7aa77465b8ecaf1a27bea098d696f7fed5e1eccbd10b321b682d6de586ae5627", size = 11404550, upload-time = "2026-05-28T14:16:20.138Z" },
    { url = "https://files.pythonhosted.org/packages/fe/1c/e6e5e568f22be4fb05d6244234aba384c06b451252453b821e1a529263cf/ruff-0.15.15-py3-none-manylinux_2_17_x86_64.manylinux2014_x86_64.whl", hash = "sha256:48decfa11d740de4889de623be1463308346312f2409a56e24aa280c86162dc4", size = 11382027, upload-time = "2026-05-28T14:16:46.615Z" },
    { url = "https://files.pythonhosted.org/packages/1d/01/170921b49fcd2e8858825593f91cf7146c3e40a5c3e6df763e4bb0484dde/ruff-0.15.15-py3-none-manylinux_2_31_riscv64.whl", hash = "sha256:a5015088452ca0081387063649ec67f06d3d1d6b8b936a1f836b5e9657ecd48c", size = 11366041, upload-time = "2026-05-28T14:16:26.247Z" },
    { url = "https://files.pythonhosted.org/packages/87/54/a7bad711d7de93254e15e06a4c375b89a03d18de45d3e5dcc86a4472fb1a/ruff-0.15.15-py3-none-musllinux_1_2_aarch64.whl", hash = "sha256:f5294aab6356c81600fcdea3a62bb1b924dfd5e91767c12318d3f68f86af57cd", size = 10741795, upload-time = "2026-05-28T14:16:17.11Z" },
    { url = "https://files.pythonhosted.org/packages/c9/31/38c075963668f8b41c6914ee0f6f318727fbe30ab9145cb29e6df464c5fa/ruff-0.15.15-py3-none-musllinux_1_2_armv7l.whl", hash = "sha256:db5bd4d802415cca656dc1616070b725952d6ae95eb5d4831e49fbd94a38f75f", size = 10511117, upload-time = "2026-05-28T14:16:31.767Z" },
    { url = "https://files.pythonhosted.org/packages/9d/96/6ff689e1f7e375d1d97075eca022f74c2bab59554a432fe4d2e6f091986a/ruff-0.15.15-py3-none-musllinux_1_2_i686.whl", hash = "sha256:587a6278ed42059191c1a466e490bd7930fb50bd2e255398bc29616c895a61cb", size = 10994867, upload-time = "2026-05-28T14:16:35.149Z" },
    { url = "https://files.pythonhosted.org/packages/c3/c2/5dce0ab9f92a8d534fa62b9bf9caca3eddb8c1a81b616f5e195ada4f0d6e/ruff-0.15.15-py3-none-musllinux_1_2_x86_64.whl", hash = "sha256:df0c1c084f5f4be9812f61518a45c440d3c30d69ce4bf6c5270e66d38338f02a", size = 11482101, upload-time = "2026-05-28T14:16:49.598Z" },
    { url = "https://files.pythonhosted.org/packages/b1/c0/1003b60edd697c649faf61f1a34094b1abb38fb3d1181e3f895781250a08/ruff-0.15.15-py3-none-win32.whl", hash = "sha256:29428ea79694afbe756d45fd59b36f22b6b020dc0443cf7de0173046236964b9", size = 10716774, upload-time = "2026-05-28T14:16:52.337Z" },
    { url = "https://files.pythonhosted.org/packages/02/a8/1269eddd6945a06c23f055ef7848886e37cf9d6a8bebb386a3115f01470c/ruff-0.15.15-py3-none-win_amd64.whl", hash = "sha256:8df0323902e15e24bc4bf246da830573d3cf3352bd0b9a164eab335d111ff4a4", size = 11868463, upload-time = "2026-05-28T14:16:11.333Z" },
    { url = "https://files.pythonhosted.org/packages/4e/b2/920464c907b191e37469d477a1aa8bc048b8f36c4c1610dfa4ab87b39e18/ruff-0.15.15-py3-none-win_arm64.whl", hash = "sha256:3c8ceca6792f38196b8f589bc92eccd03eef286602da92e5dc05cc42ef6441b7", size = 11138498, upload-time = "2026-05-28T14:16:38.425Z" },
]

[[package]]
name = "tombi"
version = "1.1.1"
source = { registry = "https://pypi.org/simple" }
sdist = { url = "https://files.pythonhosted.org/packages/e6/de/57049a737141c497dce620bdfb56511d5ac2ec995b673db633471afa2668/tombi-1.1.1.tar.gz", hash = "sha256:d4d90dbc0c302a2573ea9bd71512b495970ee54f5dd58f52d7e7940f521660f9", size = 693176, upload-time = "2026-05-28T22:22:52.097Z" }
wheels = [
    { url = "https://files.pythonhosted.org/packages/66/80/d2275e7bdfc825532d99a46eb372d7335e21760f7feee4675bccfdeda152/tombi-1.1.1-py3-none-macosx_10_12_x86_64.whl", hash = "sha256:2e95a92646e58114f5cb87041643afb5d612cf8275c2e118e28a0c11e3a21456", size = 10450459, upload-time = "2026-05-28T22:22:42.099Z" },
    { url = "https://files.pythonhosted.org/packages/11/f4/6aba75e6cd4799779ad55c5db673307f3232d1fdc286b5070b55da64615c/tombi-1.1.1-py3-none-macosx_11_0_arm64.whl", hash = "sha256:9890e0044dd3dbd375c0421e2c17a91ea0f64e7eb9acb07b2804318ca72c9f61", size = 10112726, upload-time = "2026-05-28T22:22:40.058Z" },
    { url = "https://files.pythonhosted.org/packages/39/bc/d22c3b3087dc461531b3d15928950e895e9b19685158d2eeba753cd3c188/tombi-1.1.1-py3-none-manylinux_2_17_armv7l.manylinux2014_armv7l.whl", hash = "sha256:281a4ad03909f8e03cf7214adeacef0c4946234ff92e7f95d8e6834b39e2a5ae", size = 10409311, upload-time = "2026-05-28T22:22:29.81Z" },
    { url = "https://files.pythonhosted.org/packages/15/38/1dc21dc2f1f19bcd206c3d3f8342afa2d81ba55c5925625a256ebc18e922/tombi-1.1.1-py3-none-manylinux_2_17_i686.manylinux2014_i686.whl", hash = "sha256:bb55e6c09ec2bf89a3936cd4eb4272527ba66b69076ae614769887a995c6f1d8", size = 11748351, upload-time = "2026-05-28T22:22:36.143Z" },
    { url = "https://files.pythonhosted.org/packages/30/97/9865924094c938639aed3cbd6f403161bb7a6767ae4c68db18f8729e3865/tombi-1.1.1-py3-none-manylinux_2_17_ppc64le.manylinux2014_ppc64le.whl", hash = "sha256:681b3cf48ad69a50326b05cd2385ec174373b4f1979e799c25373082b54a6fc0", size = 11793826, upload-time = "2026-05-28T22:22:31.786Z" },
    { url = "https://files.pythonhosted.org/packages/d0/15/c8aba4a37963287836caab40cde7cb7b9ecad864fb3f423571bf8daff887/tombi-1.1.1-py3-none-manylinux_2_17_s390x.manylinux2014_s390x.whl", hash = "sha256:d1bb643b3622044ac7282523745135cfd486ac81658d6dd34c75ab89dc3fa4e1", size = 10465369, upload-time = "2026-05-28T22:22:34.066Z" },
    { url = "https://files.pythonhosted.org/packages/08/c2/a82099f3c5a35fe25456582b64a652db7f639bbe353ce9da8e5e55481641/tombi-1.1.1-py3-none-manylinux_2_17_x86_64.manylinux2014_x86_64.whl", hash = "sha256:609990551481579dc71002ff7b5cb3b0af4078e2cad6d49bf8139174684257d7", size = 10909860, upload-time = "2026-05-28T22:22:38.07Z" },
    { url = "https://files.pythonhosted.org/packages/6e/f7/9985dca8649f14137a0a788c5826e9e80e6abbac5d9e5287a602be96c6f6/tombi-1.1.1-py3-none-manylinux_2_28_aarch64.whl", hash = "sha256:e55a2fdf56d648ff3630bef65bcfc73cea7ed0e77747854cefb73b2b219857da", size = 10654095, upload-time = "2026-05-28T22:22:27.356Z" },
    { url = "https://files.pythonhosted.org/packages/8b/a3/7cc7c348195bfe76450d451f2f3f93912de71e95ae58b38e8355c632f236/tombi-1.1.1-py3-none-musllinux_1_2_aarch64.whl", hash = "sha256:6edccb83a8b7e54f2a28ddb140e521c2086431cbbf9ce32d73ef82c0c0e704a7", size = 10687147, upload-time = "2026-05-28T22:22:43.933Z" },
    { url = "https://files.pythonhosted.org/packages/68/35/27c4292c7dd4f28ce99f94364192a9875e3b23a6a87d40a2963835dacec7/tombi-1.1.1-py3-none-musllinux_1_2_armv7l.whl", hash = "sha256:59ceb028a2152950ddbda5690505ad7f29d65096f775cdf8b271afe35a7055e0", size = 10436580, upload-time = "2026-05-28T22:22:45.886Z" },
    { url = "https://files.pythonhosted.org/packages/b2/69/d8dfff4e6cc2be2d0b99a68f642d868513ef0cfb599692a78e3f2dc2e375/tombi-1.1.1-py3-none-musllinux_1_2_i686.whl", hash = "sha256:4a206b37a006b959a6a97dbf3b8cf5f6be3d00c37a4fdf0d15b1bc278bc58d58", size = 11152417, upload-time = "2026-05-28T22:22:48.195Z" },
    { url = "https://files.pythonhosted.org/packages/5d/a6/d1d8e8a080894acae45c103c87f32ecb50840ce0ead4d081bb093fbf7aa2/tombi-1.1.1-py3-none-musllinux_1_2_x86_64.whl", hash = "sha256:183627eedbf0a12423ebb9aa510a0c28b4c3d96d00d309759cce8f92c2bf0065", size = 11143141, upload-time = "2026-05-28T22:22:50.164Z" },
    { url = "https://files.pythonhosted.org/packages/a4/90/79564181dc1ff48087c3aaf3aeb21051d2c0e249c2f880358de30f9ab758/tombi-1.1.1-py3-none-win32.whl", hash = "sha256:e0abc737e15abdffda45fe2c8ff8e8af37480fef45ce8b16c66b84a198e8cd2a", size = 8512953, upload-time = "2026-05-28T22:22:55.538Z" },
    { url = "https://files.pythonhosted.org/packages/99/33/9cf8acfb97d738f0b813c71bb074f2317560b7f547a8606cb4d73d8b2772/tombi-1.1.1-py3-none-win_amd64.whl", hash = "sha256:651cbe60a6cf2f2a2181d66314728220172fc121c1d3845eb627df09cdf37170", size = 9911781, upload-time = "2026-05-28T22:22:53.476Z" },
]

[[package]]
name = "ty"
version = "0.0.43"
source = { registry = "https://pypi.org/simple" }
sdist = { url = "https://files.pythonhosted.org/packages/0d/37/4ec04de0659b93be37d956dfceca13b1ecab9c959f28d8a1d5e514603f36/ty-0.0.43.tar.gz", hash = "sha256:ea4cff50548f2a1877e848d3abe9e293cde8ab94757a7eb93fc0d4013f98be8e", size = 5798429, upload-time = "2026-06-04T00:52:10.013Z" }
wheels = [
    { url = "https://files.pythonhosted.org/packages/db/74/1916026a78f20019a2f03adbd6fb4430ddb7ce1e52c2e17a90856a6d192e/ty-0.0.43-py3-none-linux_armv6l.whl", hash = "sha256:3bf70f5446480562bf6c9f639df4b5cb60716b8f8d1a6b8e5811d5c7eccd8bf2", size = 11598153, upload-time = "2026-06-04T00:52:20.646Z" },
    { url = "https://files.pythonhosted.org/packages/b9/af/58bb0089d2635216c8fa6612dd486a3f986d0ab1c46a41527ab95e57f0e3/ty-0.0.43-py3-none-macosx_10_12_x86_64.whl", hash = "sha256:7184741f8b15425a1bc64b950ad005cb353573288ac0e8a04f5481ceb3832596", size = 11357811, upload-time = "2026-06-04T00:52:24.683Z" },
    { url = "https://files.pythonhosted.org/packages/d6/9c/32c6b14f3feddf87b59c7a50709e2b3da408258f2f583f05575f77bc8f7b/ty-0.0.43-py3-none-macosx_11_0_arm64.whl", hash = "sha256:8c306379ca9a35f6ae5270fe9bda7af4b46d91822725a2586d78c8b9b5493b62", size = 10772024, upload-time = "2026-06-04T00:52:14.312Z" },
    { url = "https://files.pythonhosted.org/packages/09/fa/98aa4a74bd00cd5efc424923cd1daffbf1e40a0338041cafb203379d746f/ty-0.0.43-py3-none-manylinux_2_17_aarch64.manylinux2014_aarch64.whl", hash = "sha256:d624b884c9c1fd244ad2a5f026364e7162a22b3f537025941ada2e363e676414", size = 11291034, upload-time = "2026-06-04T00:52:37.249Z" },
    { url = "https://files.pythonhosted.org/packages/b5/db/4de086c38ce96dcada2bd451f43171d2c237f96d8ed19a1ea8fe51bb8ef4/ty-0.0.43-py3-none-manylinux_2_17_armv7l.manylinux2014_armv7l.whl", hash = "sha256:281fc4c00fbc196045141faa085055bddc58846b04a2800204701415a1b9c6aa", size = 11364724, upload-time = "2026-06-04T00:52:33.138Z" },
    { url = "https://files.pythonhosted.org/packages/b0/d3/e3cd8e3233a6fd8362a49aa025b79e9f40151a2a86d811ace154c6eb7445/ty-0.0.43-py3-none-manylinux_2_17_i686.manylinux2014_i686.whl", hash = "sha256:f57d6cc28de89024b48d1788e4758c05299d5749d4a51c02e71ac655ec23d9a5", size = 11890555, upload-time = "2026-06-04T00:52:22.711Z" },
    { url = "https://files.pythonhosted.org/packages/80/7b/6f46d444e8241606bbde098df3dca93f2ec0b834a42055db85ee7d33646f/ty-0.0.43-py3-none-manylinux_2_17_ppc64le.manylinux2014_ppc64le.whl", hash = "sha256:0a1d6ad6c5e7792c7eac0a01e550f2c2004462e01a64a91ea1636aba6fef6e71", size = 12450968, upload-time = "2026-06-04T00:52:28.94Z" },
    { url = "https://files.pythonhosted.org/packages/4a/e1/79fbe51f2e4b9d8347f2013cd7ed0b63f3b499038c02dc0357e9b28a3a47/ty-0.0.43-py3-none-manylinux_2_17_s390x.manylinux2014_s390x.whl", hash = "sha256:66d474395d7635fb618bdbb58b4e3360259a2056d0a5621b82754b9da2cd8a04", size = 12064187, upload-time = "2026-06-04T00:52:12.039Z" },
    { url = "https://files.pythonhosted.org/packages/9b/3f/c758a3a8df5b90d331f2b60c8f16021ee64d75e78f99d67cc4efc9bf5f4b/ty-0.0.43-py3-none-manylinux_2_17_x86_64.manylinux2014_x86_64.whl", hash = "sha256:2663a0003a8b60fb98db7f6f6e673df80b21d0fe3a9868a26fb06b4e049b6fc4", size = 11943208, upload-time = "2026-06-04T00:52:31.14Z" },
    { url = "https://files.pythonhosted.org/packages/54/5f/f516442749cf1b45ca6720a5d41df2738a486ed9ace774c03d515db89084/ty-0.0.43-py3-none-manylinux_2_31_riscv64.whl", hash = "sha256:d5a6c352d374d889189d5ec82b54b26a5885f769f7b7787f7f875500dcb8673e", size = 12143572, upload-time = "2026-06-04T00:52:18.457Z" },
    { url = "https://files.pythonhosted.org/packages/b7/bf/0d83c7f43bf4c10f3678bfe7d938e51c445298c7b923f155c5204730c2df/ty-0.0.43-py3-none-musllinux_1_2_aarch64.whl", hash = "sha256:e7dbbeedfad3ca250d74fcc355fa9ab6b38d2a17f22d6304f615716939dbbb27", size = 11279355, upload-time = "2026-06-04T00:52:26.726Z" },
    { url = "https://files.pythonhosted.org/packages/3e/de/a6c978bef6d9e949f79f4782d9e4ee4df0893713e73b055d84c1a5116b9a/ty-0.0.43-py3-none-musllinux_1_2_armv7l.whl", hash = "sha256:24b18a0273ee46154996cfcfa27438f851f440c925587ec200df6f98dffe67d3", size = 11408412, upload-time = "2026-06-04T00:52:35.282Z" },
    { url = "https://files.pythonhosted.org/packages/ec/b1/d13857c23867f0f76b92e38e5841c64ca5e76dc5d4bf27f52cb81d8ab685/ty-0.0.43-py3-none-musllinux_1_2_i686.whl", hash = "sha256:2ef681951520d692b7e9c0b5e56aacf4f98ccae47cf6ffccaf2c7b6b33dc226e", size = 11541709, upload-time = "2026-06-04T00:52:16.451Z" },
    { url = "https://files.pythonhosted.org/packages/7c/f1/cd6afc6f6a687e238bf5e12189f7920e81a0bdef6c3dba4c784ef140f7d9/ty-0.0.43-py3-none-musllinux_1_2_x86_64.whl", hash = "sha256:2af105de7437143aa4676b28016b5bee661aaaa4eff52be5867fb25119641ceb", size = 12041266, upload-time = "2026-06-04T00:52:43.541Z" },
    { url = "https://files.pythonhosted.org/packages/bd/ba/51ca7c3335da2b8d0a3e477fa4986be9f4a53b05bfab862967d8d2e6ca60/ty-0.0.43-py3-none-win32.whl", hash = "sha256:e4773115b0d6486ee30f1657fc8bdffe7e3a3f5300ab77ef2495da6e83e4694f", size = 10858724, upload-time = "2026-06-04T00:52:07.843Z" },
    { url = "https://files.pythonhosted.org/packages/9f/29/5d80453e5f7c520145fa058851da87230dbd7ca761a7675447a9fe504e0b/ty-0.0.43-py3-none-win_amd64.whl", hash = "sha256:48d3545094a4ae6395492c7e6ac90550fce969e0ed2815fbf8c5da9756676b7d", size = 11976157, upload-time = "2026-06-04T00:52:41.438Z" },
    { url = "https://files.pythonhosted.org/packages/dc/ed/befe5a543e5b95e754ed38ee95239e44efda9bc5f578db4ac1bc8dd758d6/ty-0.0.43-py3-none-win_arm64.whl", hash = "sha256:740ca33d7f75f655a4e7d475bc42dfb825c13219bb073fad30fcc04d35790c74", size = 11308680, upload-time = "2026-06-04T00:52:39.233Z" },
]

[[package]]
name = "vulture"
version = "2.16"
source = { registry = "https://pypi.org/simple" }
sdist = { url = "https://files.pythonhosted.org/packages/66/3e/4d08c5903b2c0c70cad583c170cc4a663fc6a61e2ad00b711fcda61358cd/vulture-2.16.tar.gz", hash = "sha256:f8d9f6e2af03011664a3c6c240c9765b3f392917d3135fddca6d6a68d359f717", size = 52680, upload-time = "2026-03-25T14:41:27.141Z" }
wheels = [
    { url = "https://files.pythonhosted.org/packages/f5/be/f935130312330614811dae2ea9df3f395f6d63889eb6c2e68c14507152ee/vulture-2.16-py3-none-any.whl", hash = "sha256:6e0f1c312cef1c87856957e5c2ca9608834a7c794c2180477f30bf0e4cc58eee", size = 26993, upload-time = "2026-03-25T14:41:26.21Z" },
]
