version = 1
revision = 3
requires-python = ">=3.14"

[[package]]
name = "basedpyright"
version = "1.39.9"
source = { registry = "https://pypi.org/simple" }
dependencies = [
    { name = "nodejs-wheel-binaries" },
]
sdist = { url = "https://files.pythonhosted.org/packages/7a/4b/c1f4e211e50389304d6af32b9280e026a7133e3ad59bbdf8f7a3250f8bee/basedpyright-1.39.9.tar.gz", hash = "sha256:32cbea5fc8273e89df3db20daea56cb7286e419ccdfdc479c64759d2dc071901", size = 24412216, upload-time = "2026-06-27T02:19:49.834Z" }
wheels = [
    { url = "https://files.pythonhosted.org/packages/2a/d4/e1fa108710d0498a18c77b1e13897f31eab47c69aa8cfe2d2a4df746541e/basedpyright-1.39.9-py3-none-any.whl", hash = "sha256:6b0837b9eba972c71895167ab9b127e6afdbc17abc92312e3f8d15ca82a5611c", size = 13374276, upload-time = "2026-06-27T02:19:54.431Z" },
]

[[package]]
name = "claudelint"
version = "0.3.6"
source = { registry = "https://pypi.org/simple" }
dependencies = [
    { name = "pyyaml" },
]
sdist = { url = "https://files.pythonhosted.org/packages/2c/e5/3efdb4c94579bf0aa4ef5fc39c879af342db15029e82988b2c98db2f2b0d/claudelint-0.3.6.tar.gz", hash = "sha256:42d4c3364cc54f65d454834f3a0b8e68d2e1de8e1e0052f20ebf5bd8ebdca328", size = 38137, upload-time = "2026-03-25T13:03:23.585Z" }
wheels = [
    { url = "https://files.pythonhosted.org/packages/60/b9/de653cac6b35533aab23b3f9723f79198e8ad9cae89e3b562fbe3ba41b37/claudelint-0.3.6-py3-none-any.whl", hash = "sha256:bfae5513876d9866c2ceab4613c3a53abcc01973fcc464145e9cbce12791f0d0", size = 31061, upload-time = "2026-03-25T13:03:22.034Z" },
]

[[package]]
name = "colorama"
version = "0.4.6"
source = { registry = "https://pypi.org/simple" }
sdist = { url = "https://files.pythonhosted.org/packages/d8/53/6f443c9a4a8358a93a6792e2acffb9d9d5cb0a5cfd8802644b7b1c9a02e4/colorama-0.4.6.tar.gz", hash = "sha256:08695f5cb7ed6e0531a20572697297273c47b8cae5a63ffc6d6ed5c201be6e44", size = 27697, upload-time = "2022-10-25T02:36:22.414Z" }
wheels = [
    { url = "https://files.pythonhosted.org/packages/d1/d6/3965ed04c63042e047cb6a3e6ed1a63a35087b6a609aa3a15ed8ac56c221/colorama-0.4.6-py2.py3-none-any.whl", hash = "sha256:4f1d9991f5acc0ca119f9d443620b77f9d6b33703e51011c16baf57afb285fc6", size = 25335, upload-time = "2022-10-25T02:36:20.889Z" },
]

[[package]]
name = "iniconfig"
version = "2.3.0"
source = { registry = "https://pypi.org/simple" }
sdist = { url = "https://files.pythonhosted.org/packages/72/34/14ca021ce8e5dfedc35312d08ba8bf51fdd999c576889fc2c24cb97f4f10/iniconfig-2.3.0.tar.gz", hash = "sha256:c76315c77db068650d49c5b56314774a7804df16fee4402c1f19d6d15d8c4730", size = 20503, upload-time = "2025-10-18T21:55:43.219Z" }
wheels = [
    { url = "https://files.pythonhosted.org/packages/cb/b1/3846dd7f199d53cb17f49cba7e651e9ce294d8497c8c150530ed11865bb8/iniconfig-2.3.0-py3-none-any.whl", hash = "sha256:f631c04d2c48c52b84d0d0549c99ff3859c98df65b3101406327ecc7d53fbf12", size = 7484, upload-time = "2025-10-18T21:55:41.639Z" },
]

[[package]]
name = "llm-configs"
version = "1.0.0"
source = { virtual = "." }

[package.dev-dependencies]
dev = [
    { name = "basedpyright" },
    { name = "claudelint" },
    { name = "pytest" },
    { name = "ruff" },
    { name = "tombi" },
    { name = "ty" },
    { name = "vulture" },
]

[package.metadata]

[package.metadata.requires-dev]
dev = [
    { name = "basedpyright" },
    { name = "claudelint" },
    { name = "pytest" },
    { name = "ruff" },
    { name = "tombi" },
    { name = "ty" },
    { name = "vulture" },
]

[[package]]
name = "nodejs-wheel-binaries"
version = "24.16.0"
source = { registry = "https://pypi.org/simple" }
sdist = { url = "https://files.pythonhosted.org/packages/a3/22/2a5beb4e21417c73233d9f65cf6f3e96e891b80d2f550a8f630ebc6b88c6/nodejs_wheel_binaries-24.16.0.tar.gz", hash = "sha256:c973cb69dc5fd16e6f6dc6e579e2c3d5534e2a1f57619dddf5ba070efa7dde37", size = 8056, upload-time = "2026-05-30T16:52:09.807Z" }
wheels = [
    { url = "https://files.pythonhosted.org/packages/83/d1/68b43b53cd0fa83ae6fd406705023ca988d9e0ca41c724d82e66fbeb2ef6/nodejs_wheel_binaries-24.16.0-py2.py3-none-macosx_13_0_arm64.whl", hash = "sha256:d9f8f677dcf30e37ac244f07869726abe043f01eb0f45722b1df31cc2af7093c", size = 55666374, upload-time = "2026-05-30T16:51:39.588Z" },
    { url = "https://files.pythonhosted.org/packages/e9/b2/40a989159599080da485de966c4c2d207e852ac7aa7864702626d96c8bf5/nodejs_wheel_binaries-24.16.0-py2.py3-none-macosx_13_0_x86_64.whl", hash = "sha256:3d0370fe7120ce9697a4f60d40480d2bd8808d9f30131458d5afc0040d4e5a51", size = 55838487, upload-time = "2026-05-30T16:51:43.383Z" },
    { url = "https://files.pythonhosted.org/packages/d7/a7/cd42174fb5ff6faff7fa8d326a18914d8f232098ab5de055b57c16fa13ca/nodejs_wheel_binaries-24.16.0-py2.py3-none-manylinux_2_28_aarch64.whl", hash = "sha256:85dc92bbb79c851569c5925dcc2a4c915a034efab375f99e4e7e6bbe9cca8342", size = 60179540, upload-time = "2026-05-30T16:51:47.036Z" },
    { url = "https://files.pythonhosted.org/packages/2b/95/c8a1f9ae140aa28df8744d984d01d4b3af7cdd6555af12127f40ceb45a7d/nodejs_wheel_binaries-24.16.0-py2.py3-none-manylinux_2_28_x86_64.whl", hash = "sha256:2f3036292811514ba847b3708492644764f88a833ac425c5f55007014308ddfd", size = 60716262, upload-time = "2026-05-30T16:51:50.711Z" },
    { url = "https://files.pythonhosted.org/packages/64/c9/7c35b3737f59e36d0249c265397b7bff570519b95301d6e16ea361e904ad/nodejs_wheel_binaries-24.16.0-py2.py3-none-musllinux_1_2_aarch64.whl", hash = "sha256:db8a8a76ebd2b28ecbfc9ad464baa3707241b9e050a30e2efdf6f60c0f886502", size = 62230592, upload-time = "2026-05-30T16:51:55Z" },
    { url = "https://files.pythonhosted.org/packages/04/96/d931255cf9d11a84d6b54d882dba7434646467d568ccf070ea3418638df3/nodejs_wheel_binaries-24.16.0-py2.py3-none-musllinux_1_2_x86_64.whl", hash = "sha256:f1a3d8f7b4491cbbd023ba3fc4e901fcca2d9fb80d57f24ba3890de8b1dbac03", size = 62841759, upload-time = "2026-05-30T16:51:59.407Z" },
    { url = "https://files.pythonhosted.org/packages/a2/7b/8b7a3f41bc255411be30b6d7d288aab8ffd9ea2055db8555ced3548007b9/nodejs_wheel_binaries-24.16.0-py2.py3-none-win_amd64.whl", hash = "sha256:bb136be9944f0662dcf1120f45193a6b75b13fac378971a95cc42c9f879a81aa", size = 42027734, upload-time = "2026-05-30T16:52:03.348Z" },
    { url = "https://files.pythonhosted.org/packages/17/66/1ed71f1f529b8ca727d42c7ceb9db0bef145ce4a13dfc86fb50aa44f3be6/nodejs_wheel_binaries-24.16.0-py2.py3-none-win_arm64.whl", hash = "sha256:8308940b5edd0a50dc5267ea36ba21c9f668e83fe0d9f293937174d3a7e31c36", size = 39714528, upload-time = "2026-05-30T16:52:06.421Z" },
]

[[package]]
name = "packaging"
version = "26.2"
source = { registry = "https://pypi.org/simple" }
sdist = { url = "https://files.pythonhosted.org/packages/d7/f1/e7a6dd94a8d4a5626c03e4e99c87f241ba9e350cd9e6d75123f992427270/packaging-26.2.tar.gz", hash = "sha256:ff452ff5a3e828ce110190feff1178bb1f2ea2281fa2075aadb987c2fb221661", size = 228134, upload-time = "2026-04-24T20:15:23.917Z" }
wheels = [
    { url = "https://files.pythonhosted.org/packages/df/b2/87e62e8c3e2f4b32e5fe99e0b86d576da1312593b39f47d8ceef365e95ed/packaging-26.2-py3-none-any.whl", hash = "sha256:5fc45236b9446107ff2415ce77c807cee2862cb6fac22b8a73826d0693b0980e", size = 100195, upload-time = "2026-04-24T20:15:22.081Z" },
]

[[package]]
name = "pluggy"
version = "1.6.0"
source = { registry = "https://pypi.org/simple" }
sdist = { url = "https://files.pythonhosted.org/packages/f9/e2/3e91f31a7d2b083fe6ef3fa267035b518369d9511ffab804f839851d2779/pluggy-1.6.0.tar.gz", hash = "sha256:7dcc130b76258d33b90f61b658791dede3486c3e6bfb003ee5c9bfb396dd22f3", size = 69412, upload-time = "2025-05-15T12:30:07.975Z" }
wheels = [
    { url = "https://files.pythonhosted.org/packages/54/20/4d324d65cc6d9205fabedc306948156824eb9f0ee1633355a8f7ec5c66bf/pluggy-1.6.0-py3-none-any.whl", hash = "sha256:e920276dd6813095e9377c0bc5566d94c932c33b27a3e3945d8389c374dd4746", size = 20538, upload-time = "2025-05-15T12:30:06.134Z" },
]

[[package]]
name = "pygments"
version = "2.20.0"
source = { registry = "https://pypi.org/simple" }
sdist = { url = "https://files.pythonhosted.org/packages/c3/b2/bc9c9196916376152d655522fdcebac55e66de6603a76a02bca1b6414f6c/pygments-2.20.0.tar.gz", hash = "sha256:6757cd03768053ff99f3039c1a36d6c0aa0b263438fcab17520b30a303a82b5f", size = 4955991, upload-time = "2026-03-29T13:29:33.898Z" }
wheels = [
    { url = "https://files.pythonhosted.org/packages/f4/7e/a72dd26f3b0f4f2bf1dd8923c85f7ceb43172af56d63c7383eb62b332364/pygments-2.20.0-py3-none-any.whl", hash = "sha256:81a9e26dd42fd28a23a2d169d86d7ac03b46e2f8b59ed4698fb4785f946d0176", size = 1231151, upload-time = "2026-03-29T13:29:30.038Z" },
]

[[package]]
name = "pytest"
version = "9.1.1"
source = { registry = "https://pypi.org/simple" }
dependencies = [
    { name = "colorama", marker = "sys_platform == 'win32'" },
    { name = "iniconfig" },
    { name = "packaging" },
    { name = "pluggy" },
    { name = "pygments" },
]
sdist = { url = "https://files.pythonhosted.org/packages/e4/47/b9efed96c114afcfa3c9d3fe98a76a1d14c74a9e266d397cf6eb64be5e01/pytest-9.1.1.tar.gz", hash = "sha256:1088fbde8f2b49d95a549a195707afa7a76a3ce9bcadc26b6d71f0ffda5fe313", size = 1636369, upload-time = "2026-06-19T10:58:32.857Z" }
wheels = [
    { url = "https://files.pythonhosted.org/packages/24/25/1de2678b631f5a49215c6c96fff41ba892b0a34df68d6d80292b1b48aa7f/pytest-9.1.1-py3-none-any.whl", hash = "sha256:37a86b45efb9a47a61a36449063e8e18d0cab3161329fc099eb21783169c4f0c", size = 386536, upload-time = "2026-06-19T10:58:31.347Z" },
]

[[package]]
name = "pyyaml"
version = "6.0.3"
source = { registry = "https://pypi.org/simple" }
sdist = { url = "https://files.pythonhosted.org/packages/05/8e/961c0007c59b8dd7729d542c61a4d537767a59645b82a0b521206e1e25c2/pyyaml-6.0.3.tar.gz", hash = "sha256:d76623373421df22fb4cf8817020cbb7ef15c725b9d5e45f17e189bfc384190f", size = 130960, upload-time = "2025-09-25T21:33:16.546Z" }
wheels = [
    { url = "https://files.pythonhosted.org/packages/9d/8c/f4bd7f6465179953d3ac9bc44ac1a8a3e6122cf8ada906b4f96c60172d43/pyyaml-6.0.3-cp314-cp314-macosx_10_13_x86_64.whl", hash = "sha256:8d1fab6bb153a416f9aeb4b8763bc0f22a5586065f86f7664fc23339fc1c1fac", size = 181814, upload-time = "2025-09-25T21:32:35.712Z" },
    { url = "https://files.pythonhosted.org/packages/bd/9c/4d95bb87eb2063d20db7b60faa3840c1b18025517ae857371c4dd55a6b3a/pyyaml-6.0.3-cp314-cp314-macosx_11_0_arm64.whl", hash = "sha256:34d5fcd24b8445fadc33f9cf348c1047101756fd760b4dacb5c3e99755703310", size = 173809, upload-time = "2025-09-25T21:32:36.789Z" },
    { url = "https://files.pythonhosted.org/packages/92/b5/47e807c2623074914e29dabd16cbbdd4bf5e9b2db9f8090fa64411fc5382/pyyaml-6.0.3-cp314-cp314-manylinux2014_aarch64.manylinux_2_17_aarch64.manylinux_2_28_aarch64.whl", hash = "sha256:501a031947e3a9025ed4405a168e6ef5ae3126c59f90ce0cd6f2bfc477be31b7", size = 766454, upload-time = "2025-09-25T21:32:37.966Z" },
    { url = "https://files.pythonhosted.org/packages/02/9e/e5e9b168be58564121efb3de6859c452fccde0ab093d8438905899a3a483/pyyaml-6.0.3-cp314-cp314-manylinux2014_s390x.manylinux_2_17_s390x.manylinux_2_28_s390x.whl", hash = "sha256:b3bc83488de33889877a0f2543ade9f70c67d66d9ebb4ac959502e12de895788", size = 836355, upload-time = "2025-09-25T21:32:39.178Z" },
    { url = "https://files.pythonhosted.org/packages/88/f9/16491d7ed2a919954993e48aa941b200f38040928474c9e85ea9e64222c3/pyyaml-6.0.3-cp314-cp314-manylinux2014_x86_64.manylinux_2_17_x86_64.manylinux_2_28_x86_64.whl", hash = "sha256:c458b6d084f9b935061bc36216e8a69a7e293a2f1e68bf956dcd9e6cbcd143f5", size = 794175, upload-time = "2025-09-25T21:32:40.865Z" },
    { url = "https://files.pythonhosted.org/packages/dd/3f/5989debef34dc6397317802b527dbbafb2b4760878a53d4166579111411e/pyyaml-6.0.3-cp314-cp314-musllinux_1_2_aarch64.whl", hash = "sha256:7c6610def4f163542a622a73fb39f534f8c101d690126992300bf3207eab9764", size = 755228, upload-time = "2025-09-25T21:32:42.084Z" },
    { url = "https://files.pythonhosted.org/packages/d7/ce/af88a49043cd2e265be63d083fc75b27b6ed062f5f9fd6cdc223ad62f03e/pyyaml-6.0.3-cp314-cp314-musllinux_1_2_x86_64.whl", hash = "sha256:5190d403f121660ce8d1d2c1bb2ef1bd05b5f68533fc5c2ea899bd15f4399b35", size = 789194, upload-time = "2025-09-25T21:32:43.362Z" },
    { url = "https://files.pythonhosted.org/packages/23/20/bb6982b26a40bb43951265ba29d4c246ef0ff59c9fdcdf0ed04e0687de4d/pyyaml-6.0.3-cp314-cp314-win_amd64.whl", hash = "sha256:4a2e8cebe2ff6ab7d1050ecd59c25d4c8bd7e6f400f5f82b96557ac0abafd0ac", size = 156429, upload-time = "2025-09-25T21:32:57.844Z" },
    { url = "https://files.pythonhosted.org/packages/f4/f4/a4541072bb9422c8a883ab55255f918fa378ecf083f5b85e87fc2b4eda1b/pyyaml-6.0.3-cp314-cp314-win_arm64.whl", hash = "sha256:93dda82c9c22deb0a405ea4dc5f2d0cda384168e466364dec6255b293923b2f3", size = 143912, upload-time = "2025-09-25T21:32:59.247Z" },
    { url = "https://files.pythonhosted.org/packages/7c/f9/07dd09ae774e4616edf6cda684ee78f97777bdd15847253637a6f052a62f/pyyaml-6.0.3-cp314-cp314t-macosx_10_13_x86_64.whl", hash = "sha256:02893d100e99e03eda1c8fd5c441d8c60103fd175728e23e431db1b589cf5ab3", size = 189108, upload-time = "2025-09-25T21:32:44.377Z" },
    { url = "https://files.pythonhosted.org/packages/4e/78/8d08c9fb7ce09ad8c38ad533c1191cf27f7ae1effe5bb9400a46d9437fcf/pyyaml-6.0.3-cp314-cp314t-macosx_11_0_arm64.whl", hash = "sha256:c1ff362665ae507275af2853520967820d9124984e0f7466736aea23d8611fba", size = 183641, upload-time = "2025-09-25T21:32:45.407Z" },
    { url = "https://files.pythonhosted.org/packages/7b/5b/3babb19104a46945cf816d047db2788bcaf8c94527a805610b0289a01c6b/pyyaml-6.0.3-cp314-cp314t-manylinux2014_aarch64.manylinux_2_17_aarch64.manylinux_2_28_aarch64.whl", hash = "sha256:6adc77889b628398debc7b65c073bcb99c4a0237b248cacaf3fe8a557563ef6c", size = 831901, upload-time = "2025-09-25T21:32:48.83Z" },
    { url = "https://files.pythonhosted.org/packages/8b/cc/dff0684d8dc44da4d22a13f35f073d558c268780ce3c6ba1b87055bb0b87/pyyaml-6.0.3-cp314-cp314t-manylinux2014_s390x.manylinux_2_17_s390x.manylinux_2_28_s390x.whl", hash = "sha256:a80cb027f6b349846a3bf6d73b5e95e782175e52f22108cfa17876aaeff93702", size = 861132, upload-time = "2025-09-25T21:32:50.149Z" },
    { url = "https://files.pythonhosted.org/packages/b1/5e/f77dc6b9036943e285ba76b49e118d9ea929885becb0a29ba8a7c75e29fe/pyyaml-6.0.3-cp314-cp314t-manylinux2014_x86_64.manylinux_2_17_x86_64.manylinux_2_28_x86_64.whl", hash = "sha256:00c4bdeba853cc34e7dd471f16b4114f4162dc03e6b7afcc2128711f0eca823c", size = 839261, upload-time = "2025-09-25T21:32:51.808Z" },
    { url = "https://files.pythonhosted.org/packages/ce/88/a9db1376aa2a228197c58b37302f284b5617f56a5d959fd1763fb1675ce6/pyyaml-6.0.3-cp314-cp314t-musllinux_1_2_aarch64.whl", hash = "sha256:66e1674c3ef6f541c35191caae2d429b967b99e02040f5ba928632d9a7f0f065", size = 805272, upload-time = "2025-09-25T21:32:52.941Z" },
    { url = "https://files.pythonhosted.org/packages/da/92/1446574745d74df0c92e6aa4a7b0b3130706a4142b2d1a5869f2eaa423c6/pyyaml-6.0.3-cp314-cp314t-musllinux_1_2_x86_64.whl", hash = "sha256:16249ee61e95f858e83976573de0f5b2893b3677ba71c9dd36b9cf8be9ac6d65", size = 829923, upload-time = "2025-09-25T21:32:54.537Z" },
    { url = "https://files.pythonhosted.org/packages/f0/7a/1c7270340330e575b92f397352af856a8c06f230aa3e76f86b39d01b416a/pyyaml-6.0.3-cp314-cp314t-win_amd64.whl", hash = "sha256:4ad1906908f2f5ae4e5a8ddfce73c320c2a1429ec52eafd27138b7f1cbe341c9", size = 174062, upload-time = "2025-09-25T21:32:55.767Z" },
    { url = "https://files.pythonhosted.org/packages/f1/12/de94a39c2ef588c7e6455cfbe7343d3b2dc9d6b6b2f40c4c6565744c873d/pyyaml-6.0.3-cp314-cp314t-win_arm64.whl", hash = "sha256:ebc55a14a21cb14062aa4162f906cd962b28e2e9ea38f9b4391244cd8de4ae0b", size = 149341, upload-time = "2025-09-25T21:32:56.828Z" },
]

[[package]]
name = "ruff"
version = "0.16.2"
source = { registry = "https://pypi.org/simple" }
sdist = { url = "https://files.pythonhosted.org/packages/73/e1/4508a569211b35599016e84ba65c1a992b7a4004b4b6c4bea02a851cba1b/ruff-0.16.2.tar.gz", hash = "sha256:c3d7828d12e8927a6fc65fe38e2c2541b9e762d360a1786d752cb1b8883b3c9c", size = 4885811, upload-time = "2026-08-07T13:31:01.432Z" }
wheels = [
    { url = "https://files.pythonhosted.org/packages/14/57/db19951540f98859c956b50bdb4d31089b4d91e9f15e2968e7d5193806d5/ruff-0.16.2-py3-none-linux_armv6l.whl", hash = "sha256:3c8de4cf2181f01d57946d87d777aa52916976fc09942aed89938fab5e013318", size = 10847925, upload-time = "2026-08-07T13:30:14.468Z" },
    { url = "https://files.pythonhosted.org/packages/13/5a/995fe85a8470d3e391ac0f7fa8054bb454eaf33ee138196d6172ed1079c0/ruff-0.16.2-py3-none-macosx_10_12_x86_64.whl", hash = "sha256:9a48cc05c6fbc811ca81b5d7ba95375affea6582d1b8024e455e41afbbf55344", size = 11072662, upload-time = "2026-08-07T13:30:18.143Z" },
    { url = "https://files.pythonhosted.org/packages/32/53/370d767c61c71a971a4ace36703a7ecd8c393956349a7325d7fab2b56827/ruff-0.16.2-py3-none-macosx_11_0_arm64.whl", hash = "sha256:a2c0d14fcbb26c91f0f867a6dc9bd71bbc30b1b6151829c884f23faeab2e5700", size = 10566771, upload-time = "2026-08-07T13:30:20.899Z" },
    { url = "https://files.pythonhosted.org/packages/85/d6/9d96948caf5a632be62d62202d5ec914d6856f204fd79eb036e5915e79ea/ruff-0.16.2-py3-none-manylinux_2_17_aarch64.manylinux2014_aarch64.whl", hash = "sha256:335c621622c4650330be50842561c6586ac6971bb8ab5407fe34dcc9efb16bbe", size = 10975825, upload-time = "2026-08-07T13:30:23.517Z" },
    { url = "https://files.pythonhosted.org/packages/3b/92/ea87129b3414acb0b5770563779c51804d37ac67675c7ba35447ddb14773/ruff-0.16.2-py3-none-manylinux_2_17_armv7l.manylinux2014_armv7l.whl", hash = "sha256:20e66910f2c37cc753f9ef6580c914a621b80c4fa3549d3e3521e29d0f5bfc3f", size = 10649437, upload-time = "2026-08-07T13:30:26.097Z" },
    { url = "https://files.pythonhosted.org/packages/ac/43/f8f291dcd4af5bb7872b74fdfa41a7cd7c856ca1d4069670971cf1b9f5cb/ruff-0.16.2-py3-none-manylinux_2_17_i686.manylinux2014_i686.whl", hash = "sha256:c7e36fbfba65510548156902bcf1350a979a958ce0347ce0f90d73894036b39f", size = 11446761, upload-time = "2026-08-07T13:30:28.752Z" },
    { url = "https://files.pythonhosted.org/packages/71/4a/ef991fb2fcf516ab71f0808adcdd8da5e18c8cde447f4ceaf5f47a5132a5/ruff-0.16.2-py3-none-manylinux_2_17_ppc64le.manylinux2014_ppc64le.whl", hash = "sha256:f0eab35f80df8f134aae5d1630e751901321d317cc8e50dc39e36fa3ed34cd12", size = 12336364, upload-time = "2026-08-07T13:30:31.468Z" },
    { url = "https://files.pythonhosted.org/packages/f3/24/f615e74f307e6ca0e56a482872477b856c70d530aa356abfb6dfe5ca8a80/ruff-0.16.2-py3-none-manylinux_2_17_s390x.manylinux2014_s390x.whl", hash = "sha256:40ea8c0594feb894e89c8c61ab9c103d38b0ea72dfde6c594107147ca31b1140", size = 11630720, upload-time = "2026-08-07T13:30:34.426Z" },
    { url = "https://files.pythonhosted.org/packages/c5/d3/8ef50149e8412a77f7ab409efdef0e2b23803707a3863da4fc64cb23d459/ruff-0.16.2-py3-none-manylinux_2_17_x86_64.manylinux2014_x86_64.whl", hash = "sha256:ab3d62dde0b19facdd632008cc4827fc28ada7736c6bd35ab6f1050f0bfed53f", size = 11466130, upload-time = "2026-08-07T13:30:36.958Z" },
    { url = "https://files.pythonhosted.org/packages/dd/a7/a19334985c4dea8c381981fa252cd854c7ee52dc4b1686dc16f4a911c702/ruff-0.16.2-py3-none-manylinux_2_31_riscv64.whl", hash = "sha256:e43e1f5b8388da9eca1b9e88328d47a5cec794633ccf6f7484ac2dd15eee92c0", size = 11523634, upload-time = "2026-08-07T13:30:39.822Z" },
    { url = "https://files.pythonhosted.org/packages/6e/6c/96d192b0e742412ceda08c0a50f9669b253dde9fd6a60ea1a10c9fa79a63/ruff-0.16.2-py3-none-musllinux_1_2_aarch64.whl", hash = "sha256:c24788a980581e1d7ea3a0cbe4344c4fbeb0a6a9b1f4713aa46bb104f8294690", size = 10949807, upload-time = "2026-08-07T13:30:42.745Z" },
    { url = "https://files.pythonhosted.org/packages/fa/51/e26599ceca11e79ee255c7df515995561edf87e9ca1893284e44d98f5a86/ruff-0.16.2-py3-none-musllinux_1_2_armv7l.whl", hash = "sha256:81806b08329130005dd4a8a8394a0c9da8c6f4cafb16ba438d2a2ee6a18bedf1", size = 10646891, upload-time = "2026-08-07T13:30:45.522Z" },
    { url = "https://files.pythonhosted.org/packages/68/01/800c4b1f97bc8d7c6029e06b1f20473a3cf1e13c4933d8f3342add83fc55/ruff-0.16.2-py3-none-musllinux_1_2_i686.whl", hash = "sha256:4ce4e02bad779bef557f541a1b31f20d6abeae1cc05ed1b1ac019d4ffd1044c8", size = 11162063, upload-time = "2026-08-07T13:30:48.131Z" },
    { url = "https://files.pythonhosted.org/packages/e4/d0/1477ea50fc5a0d4b0b71d1d63d50770bdd794d90b43e37a7618e63ec9894/ruff-0.16.2-py3-none-musllinux_1_2_x86_64.whl", hash = "sha256:e0422abdf70070255fc4073ce9dfc814cc03db577013761ddd09bc1e4a9a4fbd", size = 11556038, upload-time = "2026-08-07T13:30:50.686Z" },
    { url = "https://files.pythonhosted.org/packages/b8/76/a7776f32048d991e16d4fa8ff91790b877342d3596cc3ed04acdbf1aaedc/ruff-0.16.2-py3-none-win32.whl", hash = "sha256:bf3a63d78fb39f4bf5ac8ae52051c5520505301abe19ba4e204c453b3f09bb0b", size = 10872850, upload-time = "2026-08-07T13:30:53.471Z" },
    { url = "https://files.pythonhosted.org/packages/00/0d/929c800d920e61397d82a01b60bffc68da3052c17d31de59efaad2e4ed75/ruff-0.16.2-py3-none-win_amd64.whl", hash = "sha256:bcabe2f6d0fc7819f1431793005af4e4de7371927d037345bf941252b195b9fa", size = 12023338, upload-time = "2026-08-07T13:30:56.193Z" },
    { url = "https://files.pythonhosted.org/packages/5b/6c/93e26c22c5f78ff87363e07da49c84955affbeb1098bd1936bf3b3f293bf/ruff-0.16.2-py3-none-win_arm64.whl", hash = "sha256:d614e95cedf38a2053fd351c55b103ba30d017d61688fdbfd40ee0412852a99f", size = 11374065, upload-time = "2026-08-07T13:30:58.775Z" },
]

[[package]]
name = "tombi"
version = "1.2.7"
source = { registry = "https://pypi.org/simple" }
sdist = { url = "https://files.pythonhosted.org/packages/4d/04/5fd69ac0294334c0965a04732639dd77c23c282e08ff40b30adce6e1d950/tombi-1.2.7.tar.gz", hash = "sha256:67c795cf321b88b7e6fbf3f6688f788767b551671eab14d16e0f3158237d24f9", size = 706848, upload-time = "2026-08-06T11:10:26.585Z" }
wheels = [
    { url = "https://files.pythonhosted.org/packages/60/64/bda1f6315c3657c64e87a5f7a0c2d33f8d93dbe9c0b742265750e7347a60/tombi-1.2.7-py3-none-macosx_10_12_x86_64.whl", hash = "sha256:c39ea21a738356a2d09178a3ba86818e74c6c7bc2e8f0d79feac8b8bd3f37e5d", size = 8952876, upload-time = "2026-08-06T11:09:53.642Z" },
    { url = "https://files.pythonhosted.org/packages/91/38/7d5518fb68c85c91fc824f895aa4d18973cadabb981c87c561246dc7c1b9/tombi-1.2.7-py3-none-macosx_11_0_arm64.whl", hash = "sha256:45e12a65cbb9ddedde23d7f00cb95c9dcf09bc2e35609b77ef87583c49e39ca2", size = 8447480, upload-time = "2026-08-06T11:09:55.925Z" },
    { url = "https://files.pythonhosted.org/packages/9a/ef/25f2ff9d6a17147581c9cdcbd425e58861ee13ddf2dca64bcd978bf5600c/tombi-1.2.7-py3-none-manylinux_2_17_armv7l.manylinux2014_armv7l.whl", hash = "sha256:f9bb4beef0046bd80738509c241a2a067b9d8a5d466d38aff75f1676584e14e9", size = 9014589, upload-time = "2026-08-06T11:09:58.375Z" },
    { url = "https://files.pythonhosted.org/packages/d7/13/8105d96fc145115638f73aeb8521c6c11f49c695911d1bd876cb98d6ce0b/tombi-1.2.7-py3-none-manylinux_2_17_i686.manylinux2014_i686.whl", hash = "sha256:1f4f1379366b908e9f732324c97e16ea6fc9a1c1328d0e18f7c6cbd3265663be", size = 9367235, upload-time = "2026-08-06T11:10:00.698Z" },
    { url = "https://files.pythonhosted.org/packages/1b/1c/19c84a649f4087615fd9f5d2606e93da20edd6e7a0f614de707acd291d47/tombi-1.2.7-py3-none-manylinux_2_17_ppc64le.manylinux2014_ppc64le.whl", hash = "sha256:1640d9b5b4f09c6ae1e937a28bcfc52e1abbf69e9fb0b5c7f1bade2c875f517a", size = 9637681, upload-time = "2026-08-06T11:10:03.155Z" },
    { url = "https://files.pythonhosted.org/packages/a5/c5/097785095f8aef8c5effade33a45c2663b46b293073b29c6227c81531d16/tombi-1.2.7-py3-none-manylinux_2_17_s390x.manylinux2014_s390x.whl", hash = "sha256:92445880e932339355c538d5746740a0fe4d509956ccabf07853a277c8773c52", size = 9536107, upload-time = "2026-08-06T11:10:05.826Z" },
    { url = "https://files.pythonhosted.org/packages/2e/7a/5b18a192918895c08c706f98e41d28f34e434cadfb01d6d5dfd925df407d/tombi-1.2.7-py3-none-manylinux_2_17_x86_64.manylinux2014_x86_64.whl", hash = "sha256:e064cb79268faef7a881ebc464b6938c1dc74583353cc34d65342e9c7e761630", size = 9234887, upload-time = "2026-08-06T11:10:07.946Z" },
    { url = "https://files.pythonhosted.org/packages/5c/51/955a68508b9ce67b5afd428524fdfa52dff75e5fe57c98022aed3fee9f1f/tombi-1.2.7-py3-none-manylinux_2_28_aarch64.whl", hash = "sha256:4fb4de07316001f67453b7e124640aa378f49332bf8a9476f4f7afbd8c6d33b1", size = 8647775, upload-time = "2026-08-06T11:10:10.317Z" },
    { url = "https://files.pythonhosted.org/packages/59/27/025d7bbb36dc175a1b62d79a66e6ab309a8183498774940b6e645f70f94a/tombi-1.2.7-py3-none-musllinux_1_2_aarch64.whl", hash = "sha256:4fa5eaee8a8191935fd39a6f7c6a18339f44085bf496c5d6cf57b91a6ed2b325", size = 8688468, upload-time = "2026-08-06T11:10:13.306Z" },
    { url = "https://files.pythonhosted.org/packages/24/60/10fa456f8fae4d4cb0b3f5fbf1090f81a9c1a4691d09b96752d65fcf73dc/tombi-1.2.7-py3-none-musllinux_1_2_armv7l.whl", hash = "sha256:99d7aa1ff136a9b41f808b0202d0189bd77d8c2c64109e5c94f74fc6af96568e", size = 9023410, upload-time = "2026-08-06T11:10:15.412Z" },
    { url = "https://files.pythonhosted.org/packages/4f/66/06ae0949b1482b67d1597157df1ef7610386532e06632c302642f9aa3b4b/tombi-1.2.7-py3-none-musllinux_1_2_i686.whl", hash = "sha256:0d28af396bc6501f672f11c70f7d1c6ede66f3761fef4a9240ce4e45bc524ce4", size = 9184143, upload-time = "2026-08-06T11:10:17.693Z" },
    { url = "https://files.pythonhosted.org/packages/e5/e5/8810751e57146a579713ad1adaa0e8d2f71e11255cb4440f0db1786cd839/tombi-1.2.7-py3-none-musllinux_1_2_x86_64.whl", hash = "sha256:ad32a7d38fbb01dd83b928bc0847489b5fff0385accfb1682d0150d38102fdd2", size = 9327076, upload-time = "2026-08-06T11:10:19.675Z" },
    { url = "https://files.pythonhosted.org/packages/b1/27/9c5901da43c1548c63db83dd10b3656d01c2c748f69566c556f2efdfa295/tombi-1.2.7-py3-none-win32.whl", hash = "sha256:20a392ecdbbcf3bffe2f0028ed57f4d3380995f0446a17e6d27f4852de2baca3", size = 9020981, upload-time = "2026-08-06T11:10:21.959Z" },
    { url = "https://files.pythonhosted.org/packages/c5/e5/425fe16db4f0df2038e215e955ad6581f579acb4b20b6aac059380ada77b/tombi-1.2.7-py3-none-win_amd64.whl", hash = "sha256:5f731c9542f870c240f5d59d369620d4e7a7472db68e8c281b6121ebf43a86c2", size = 10415944, upload-time = "2026-08-06T11:10:24.441Z" },
]

[[package]]
name = "ty"
version = "0.0.69"
source = { registry = "https://pypi.org/simple" }
sdist = { url = "https://files.pythonhosted.org/packages/8e/5b/7a618632dfe9373b7df572ecd7a08c8f799d772fbc317da82dd3aa363207/ty-0.0.69.tar.gz", hash = "sha256:b65106e9ff24fa76e25e1142fb09c85244e815c40450e3021d2bf652c231bb43", size = 6565094, upload-time = "2026-08-06T10:04:25.667Z" }
wheels = [
    { url = "https://files.pythonhosted.org/packages/06/60/6534092f4d2c15e2491807edd609c2e50d527c1fed957acf40b9f110b64a/ty-0.0.69-py3-none-linux_armv6l.whl", hash = "sha256:98bfd383b273540829af673e7f98b9c1c4bcc8547d12a1a3806cd0bec7f0e087", size = 12364185, upload-time = "2026-08-06T10:03:47.137Z" },
    { url = "https://files.pythonhosted.org/packages/34/2b/5c29689bd4f74c2e3394d983d85e4011b629f2ce3730c9442553b8554bf8/ty-0.0.69-py3-none-macosx_10_12_x86_64.whl", hash = "sha256:964621ddd05771660017c51b4e74078d861d9fc863c21ef2a500db1ab62c9ccf", size = 12042510, upload-time = "2026-08-06T10:03:49.481Z" },
    { url = "https://files.pythonhosted.org/packages/09/46/fa085bde4d23516d7ef14b24736fc5dd7dc498f60f52b3d077e59ffdea20/ty-0.0.69-py3-none-macosx_11_0_arm64.whl", hash = "sha256:3ffea4048dd0da4c9c97393b4be0901098a9065b06fa81be2477cbde65d8a151", size = 11549397, upload-time = "2026-08-06T10:03:51.747Z" },
    { url = "https://files.pythonhosted.org/packages/25/cc/97b9efb2061dcab6fef1e94a4ad99df0bb45bd2cc15d4f5794c787ee0552/ty-0.0.69-py3-none-manylinux_2_17_aarch64.manylinux2014_aarch64.whl", hash = "sha256:a8684d4a70aadd1eab0f41bdba835e3288ef49db8402a8e6ca81bab52ed5d610", size = 12115567, upload-time = "2026-08-06T10:03:53.79Z" },
    { url = "https://files.pythonhosted.org/packages/e0/c1/a5e0404965093835f3e62544e661784ec0aa8ef0b006ed50af50b19c107e/ty-0.0.69-py3-none-manylinux_2_17_armv7l.manylinux2014_armv7l.whl", hash = "sha256:afaaba240ab4122e2069a796836d10be81b4ddb053ae268b3dff962a0b4ca5c7", size = 12149770, upload-time = "2026-08-06T10:03:55.993Z" },
    { url = "https://files.pythonhosted.org/packages/e2/39/8cad6b205a4abe8a044ca0c84aea71e8ccda29b07a75a5f090e310605580/ty-0.0.69-py3-none-manylinux_2_17_i686.manylinux2014_i686.whl", hash = "sha256:11ea63ef07d4e33aeb1a775cf5f2c736b3ed22fa6f8b1b608591612c36795044", size = 12941278, upload-time = "2026-08-06T10:03:58.324Z" },
    { url = "https://files.pythonhosted.org/packages/d6/8b/8766d96b732c2a060d70dc8ccafcc4d6a54109a2a95f1deb0705de88892b/ty-0.0.69-py3-none-manylinux_2_17_ppc64le.manylinux2014_ppc64le.whl", hash = "sha256:cb3730b1268e92a2907d7aea3afe8dd1b360ae65862f0557080cf479d481b424", size = 13426509, upload-time = "2026-08-06T10:04:00.621Z" },
    { url = "https://files.pythonhosted.org/packages/02/1f/e991b2cde953ea5b94d6a9a4c45c87937bd916bc09235f764407bf471c0a/ty-0.0.69-py3-none-manylinux_2_17_s390x.manylinux2014_s390x.whl", hash = "sha256:a544ff57a752ef186ed40b5a2f44c17402af4cdefeb74a311ca02ebd57c4fca0", size = 13106582, upload-time = "2026-08-06T10:04:02.818Z" },
    { url = "https://files.pythonhosted.org/packages/ea/bb/73538f1b99e3558fd9db87b98698426f0f60fc8666da0b1efd0e70e275eb/ty-0.0.69-py3-none-manylinux_2_17_x86_64.manylinux2014_x86_64.whl", hash = "sha256:87ed2cbca20caddfdf8e3e14d213ce91b67e75feed78900f4aaf3ef884954028", size = 12708931, upload-time = "2026-08-06T10:04:05.233Z" },
    { url = "https://files.pythonhosted.org/packages/87/cd/484a5208d74c4ad1155933906295ccdce9aa81a257d8df2ab9e41bd60133/ty-0.0.69-py3-none-manylinux_2_31_riscv64.whl", hash = "sha256:2684efcbce5b6fe45045faf610b377b50781b6d2aa7e61ea23ecf5b3d2bce421", size = 12985322, upload-time = "2026-08-06T10:04:07.587Z" },
    { url = "https://files.pythonhosted.org/packages/6e/81/b75003f0d4da9ab3bc8fd4f4802f836cb9921ff7e70f460604f7b769a0b5/ty-0.0.69-py3-none-musllinux_1_2_aarch64.whl", hash = "sha256:da9aeb26fdac1d2214937542b59e0d4d1ba94ec7a3f45444f33c846de1eb1d63", size = 12063910, upload-time = "2026-08-06T10:04:09.835Z" },
    { url = "https://files.pythonhosted.org/packages/8a/76/088469f547ef63dceefc4a75826aedee5014f9371dc5171cde931896a82c/ty-0.0.69-py3-none-musllinux_1_2_armv7l.whl", hash = "sha256:00e7677cd14ede381f705f71104ea7b8ea0ce217a8634e19a89781953de0e9ad", size = 12166823, upload-time = "2026-08-06T10:04:12.114Z" },
    { url = "https://files.pythonhosted.org/packages/0a/c9/ce88a0bec0d46d8ae180b99c6ec014866fecc4cba1727b5feec8877b2765/ty-0.0.69-py3-none-musllinux_1_2_i686.whl", hash = "sha256:d91965eb799649833d0d6042db09cd03d15289125245337cc46a2606effb7bda", size = 12483136, upload-time = "2026-08-06T10:04:14.33Z" },
    { url = "https://files.pythonhosted.org/packages/63/9e/6fae0ff225a0012642cf72c077e20f8f448c0a80771bc3360e8178fe2f32/ty-0.0.69-py3-none-musllinux_1_2_x86_64.whl", hash = "sha256:1f03359cd8e5c412aa0c181118fa9b9061a4dddaedbb61bac0a424fb0814d402", size = 12799025, upload-time = "2026-08-06T10:04:16.445Z" },
    { url = "https://files.pythonhosted.org/packages/e4/43/78a658d18b2a4ccf35b053392f2213bf12e3c63b2abea512d3b6751d1f4c/ty-0.0.69-py3-none-win32.whl", hash = "sha256:ec460e01586b1eb91894c4a8403bee3e045a47e7a4ada943cc27ce8e348e88cf", size = 11787774, upload-time = "2026-08-06T10:04:18.622Z" },
    { url = "https://files.pythonhosted.org/packages/3a/5e/88db1f674403f2b81316a853a44a81ed220621fa96f8f7ae586fb6ca7513/ty-0.0.69-py3-none-win_amd64.whl", hash = "sha256:18976ca26a4e28fc3249477f79a695d5502e670803f2e080d89ac905baef3c6e", size = 12864038, upload-time = "2026-08-06T10:04:20.748Z" },
    { url = "https://files.pythonhosted.org/packages/4d/7b/6fc6efd00c69103d70f2bdbe824343089cd70b17b3079170057d3e5a3ac0/ty-0.0.69-py3-none-win_arm64.whl", hash = "sha256:7d4ca3bb74d91cb9947ba3f3b4cb131ad6a2b3ecc76d34040c4ec6092d2e411d", size = 12196693, upload-time = "2026-08-06T10:04:22.902Z" },
]

[[package]]
name = "vulture"
version = "2.16"
source = { registry = "https://pypi.org/simple" }
sdist = { url = "https://files.pythonhosted.org/packages/66/3e/4d08c5903b2c0c70cad583c170cc4a663fc6a61e2ad00b711fcda61358cd/vulture-2.16.tar.gz", hash = "sha256:f8d9f6e2af03011664a3c6c240c9765b3f392917d3135fddca6d6a68d359f717", size = 52680, upload-time = "2026-03-25T14:41:27.141Z" }
wheels = [
    { url = "https://files.pythonhosted.org/packages/f5/be/f935130312330614811dae2ea9df3f395f6d63889eb6c2e68c14507152ee/vulture-2.16-py3-none-any.whl", hash = "sha256:6e0f1c312cef1c87856957e5c2ca9608834a7c794c2180477f30bf0e4cc58eee", size = 26993, upload-time = "2026-03-25T14:41:26.21Z" },
]
