version = 1
revision = 3
requires-python = ">=3.14"

[[package]]
name = "basedpyright"
version = "1.39.8"
source = { registry = "https://pypi.org/simple" }
dependencies = [
    { name = "nodejs-wheel-binaries" },
]
sdist = { url = "https://files.pythonhosted.org/packages/d2/62/8550c75850b2185df984d1de437b4805b039ba856cacbee2966236203133/basedpyright-1.39.8.tar.gz", hash = "sha256:bb1a86d4d71425d52d1501b317fe23d45527baed06bd5d5e1a07cd4b60d07b55", size = 25488230, upload-time = "2026-06-14T09:05:30.177Z" }
wheels = [
    { url = "https://files.pythonhosted.org/packages/f5/94/878454aefe94328ba7ad808ecd63da8311aae1198da46cfb29f5cfe130a8/basedpyright-1.39.8-py3-none-any.whl", hash = "sha256:a79d89928064bd9023d429b50c625d87d023bacc2fe3932ef6c7bd13b5426048", size = 13182726, upload-time = "2026-06-14T09:05:26.368Z" },
]

[[package]]
name = "claudelint"
version = "0.3.6"
source = { registry = "https://pypi.org/simple" }
dependencies = [
    { name = "pyyaml" },
]
sdist = { url = "https://files.pythonhosted.org/packages/2c/e5/3efdb4c94579bf0aa4ef5fc39c879af342db15029e82988b2c98db2f2b0d/claudelint-0.3.6.tar.gz", hash = "sha256:42d4c3364cc54f65d454834f3a0b8e68d2e1de8e1e0052f20ebf5bd8ebdca328", size = 38137, upload-time = "2026-03-25T13:03:23.585Z" }
wheels = [
    { url = "https://files.pythonhosted.org/packages/60/b9/de653cac6b35533aab23b3f9723f79198e8ad9cae89e3b562fbe3ba41b37/claudelint-0.3.6-py3-none-any.whl", hash = "sha256:bfae5513876d9866c2ceab4613c3a53abcc01973fcc464145e9cbce12791f0d0", size = 31061, upload-time = "2026-03-25T13:03:22.034Z" },
]

[[package]]
name = "colorama"
version = "0.4.6"
source = { registry = "https://pypi.org/simple" }
sdist = { url = "https://files.pythonhosted.org/packages/d8/53/6f443c9a4a8358a93a6792e2acffb9d9d5cb0a5cfd8802644b7b1c9a02e4/colorama-0.4.6.tar.gz", hash = "sha256:08695f5cb7ed6e0531a20572697297273c47b8cae5a63ffc6d6ed5c201be6e44", size = 27697, upload-time = "2022-10-25T02:36:22.414Z" }
wheels = [
    { url = "https://files.pythonhosted.org/packages/d1/d6/3965ed04c63042e047cb6a3e6ed1a63a35087b6a609aa3a15ed8ac56c221/colorama-0.4.6-py2.py3-none-any.whl", hash = "sha256:4f1d9991f5acc0ca119f9d443620b77f9d6b33703e51011c16baf57afb285fc6", size = 25335, upload-time = "2022-10-25T02:36:20.889Z" },
]

[[package]]
name = "iniconfig"
version = "2.3.0"
source = { registry = "https://pypi.org/simple" }
sdist = { url = "https://files.pythonhosted.org/packages/72/34/14ca021ce8e5dfedc35312d08ba8bf51fdd999c576889fc2c24cb97f4f10/iniconfig-2.3.0.tar.gz", hash = "sha256:c76315c77db068650d49c5b56314774a7804df16fee4402c1f19d6d15d8c4730", size = 20503, upload-time = "2025-10-18T21:55:43.219Z" }
wheels = [
    { url = "https://files.pythonhosted.org/packages/cb/b1/3846dd7f199d53cb17f49cba7e651e9ce294d8497c8c150530ed11865bb8/iniconfig-2.3.0-py3-none-any.whl", hash = "sha256:f631c04d2c48c52b84d0d0549c99ff3859c98df65b3101406327ecc7d53fbf12", size = 7484, upload-time = "2025-10-18T21:55:41.639Z" },
]

[[package]]
name = "llm-configs"
version = "1.0.0"
source = { virtual = "." }

[package.dev-dependencies]
dev = [
    { name = "basedpyright" },
    { name = "claudelint" },
    { name = "pytest" },
    { name = "ruff" },
    { name = "tombi" },
    { name = "ty" },
    { name = "vulture" },
]

[package.metadata]

[package.metadata.requires-dev]
dev = [
    { name = "basedpyright" },
    { name = "claudelint" },
    { name = "pytest" },
    { name = "ruff" },
    { name = "tombi" },
    { name = "ty" },
    { name = "vulture" },
]

[[package]]
name = "nodejs-wheel-binaries"
version = "24.16.0"
source = { registry = "https://pypi.org/simple" }
sdist = { url = "https://files.pythonhosted.org/packages/a3/22/2a5beb4e21417c73233d9f65cf6f3e96e891b80d2f550a8f630ebc6b88c6/nodejs_wheel_binaries-24.16.0.tar.gz", hash = "sha256:c973cb69dc5fd16e6f6dc6e579e2c3d5534e2a1f57619dddf5ba070efa7dde37", size = 8056, upload-time = "2026-05-30T16:52:09.807Z" }
wheels = [
    { url = "https://files.pythonhosted.org/packages/83/d1/68b43b53cd0fa83ae6fd406705023ca988d9e0ca41c724d82e66fbeb2ef6/nodejs_wheel_binaries-24.16.0-py2.py3-none-macosx_13_0_arm64.whl", hash = "sha256:d9f8f677dcf30e37ac244f07869726abe043f01eb0f45722b1df31cc2af7093c", size = 55666374, upload-time = "2026-05-30T16:51:39.588Z" },
    { url = "https://files.pythonhosted.org/packages/e9/b2/40a989159599080da485de966c4c2d207e852ac7aa7864702626d96c8bf5/nodejs_wheel_binaries-24.16.0-py2.py3-none-macosx_13_0_x86_64.whl", hash = "sha256:3d0370fe7120ce9697a4f60d40480d2bd8808d9f30131458d5afc0040d4e5a51", size = 55838487, upload-time = "2026-05-30T16:51:43.383Z" },
    { url = "https://files.pythonhosted.org/packages/d7/a7/cd42174fb5ff6faff7fa8d326a18914d8f232098ab5de055b57c16fa13ca/nodejs_wheel_binaries-24.16.0-py2.py3-none-manylinux_2_28_aarch64.whl", hash = "sha256:85dc92bbb79c851569c5925dcc2a4c915a034efab375f99e4e7e6bbe9cca8342", size = 60179540, upload-time = "2026-05-30T16:51:47.036Z" },
    { url = "https://files.pythonhosted.org/packages/2b/95/c8a1f9ae140aa28df8744d984d01d4b3af7cdd6555af12127f40ceb45a7d/nodejs_wheel_binaries-24.16.0-py2.py3-none-manylinux_2_28_x86_64.whl", hash = "sha256:2f3036292811514ba847b3708492644764f88a833ac425c5f55007014308ddfd", size = 60716262, upload-time = "2026-05-30T16:51:50.711Z" },
    { url = "https://files.pythonhosted.org/packages/64/c9/7c35b3737f59e36d0249c265397b7bff570519b95301d6e16ea361e904ad/nodejs_wheel_binaries-24.16.0-py2.py3-none-musllinux_1_2_aarch64.whl", hash = "sha256:db8a8a76ebd2b28ecbfc9ad464baa3707241b9e050a30e2efdf6f60c0f886502", size = 62230592, upload-time = "2026-05-30T16:51:55Z" },
    { url = "https://files.pythonhosted.org/packages/04/96/d931255cf9d11a84d6b54d882dba7434646467d568ccf070ea3418638df3/nodejs_wheel_binaries-24.16.0-py2.py3-none-musllinux_1_2_x86_64.whl", hash = "sha256:f1a3d8f7b4491cbbd023ba3fc4e901fcca2d9fb80d57f24ba3890de8b1dbac03", size = 62841759, upload-time = "2026-05-30T16:51:59.407Z" },
    { url = "https://files.pythonhosted.org/packages/a2/7b/8b7a3f41bc255411be30b6d7d288aab8ffd9ea2055db8555ced3548007b9/nodejs_wheel_binaries-24.16.0-py2.py3-none-win_amd64.whl", hash = "sha256:bb136be9944f0662dcf1120f45193a6b75b13fac378971a95cc42c9f879a81aa", size = 42027734, upload-time = "2026-05-30T16:52:03.348Z" },
    { url = "https://files.pythonhosted.org/packages/17/66/1ed71f1f529b8ca727d42c7ceb9db0bef145ce4a13dfc86fb50aa44f3be6/nodejs_wheel_binaries-24.16.0-py2.py3-none-win_arm64.whl", hash = "sha256:8308940b5edd0a50dc5267ea36ba21c9f668e83fe0d9f293937174d3a7e31c36", size = 39714528, upload-time = "2026-05-30T16:52:06.421Z" },
]

[[package]]
name = "packaging"
version = "26.2"
source = { registry = "https://pypi.org/simple" }
sdist = { url = "https://files.pythonhosted.org/packages/d7/f1/e7a6dd94a8d4a5626c03e4e99c87f241ba9e350cd9e6d75123f992427270/packaging-26.2.tar.gz", hash = "sha256:ff452ff5a3e828ce110190feff1178bb1f2ea2281fa2075aadb987c2fb221661", size = 228134, upload-time = "2026-04-24T20:15:23.917Z" }
wheels = [
    { url = "https://files.pythonhosted.org/packages/df/b2/87e62e8c3e2f4b32e5fe99e0b86d576da1312593b39f47d8ceef365e95ed/packaging-26.2-py3-none-any.whl", hash = "sha256:5fc45236b9446107ff2415ce77c807cee2862cb6fac22b8a73826d0693b0980e", size = 100195, upload-time = "2026-04-24T20:15:22.081Z" },
]

[[package]]
name = "pluggy"
version = "1.6.0"
source = { registry = "https://pypi.org/simple" }
sdist = { url = "https://files.pythonhosted.org/packages/f9/e2/3e91f31a7d2b083fe6ef3fa267035b518369d9511ffab804f839851d2779/pluggy-1.6.0.tar.gz", hash = "sha256:7dcc130b76258d33b90f61b658791dede3486c3e6bfb003ee5c9bfb396dd22f3", size = 69412, upload-time = "2025-05-15T12:30:07.975Z" }
wheels = [
    { url = "https://files.pythonhosted.org/packages/54/20/4d324d65cc6d9205fabedc306948156824eb9f0ee1633355a8f7ec5c66bf/pluggy-1.6.0-py3-none-any.whl", hash = "sha256:e920276dd6813095e9377c0bc5566d94c932c33b27a3e3945d8389c374dd4746", size = 20538, upload-time = "2025-05-15T12:30:06.134Z" },
]

[[package]]
name = "pygments"
version = "2.20.0"
source = { registry = "https://pypi.org/simple" }
sdist = { url = "https://files.pythonhosted.org/packages/c3/b2/bc9c9196916376152d655522fdcebac55e66de6603a76a02bca1b6414f6c/pygments-2.20.0.tar.gz", hash = "sha256:6757cd03768053ff99f3039c1a36d6c0aa0b263438fcab17520b30a303a82b5f", size = 4955991, upload-time = "2026-03-29T13:29:33.898Z" }
wheels = [
    { url = "https://files.pythonhosted.org/packages/f4/7e/a72dd26f3b0f4f2bf1dd8923c85f7ceb43172af56d63c7383eb62b332364/pygments-2.20.0-py3-none-any.whl", hash = "sha256:81a9e26dd42fd28a23a2d169d86d7ac03b46e2f8b59ed4698fb4785f946d0176", size = 1231151, upload-time = "2026-03-29T13:29:30.038Z" },
]

[[package]]
name = "pytest"
version = "9.1.0"
source = { registry = "https://pypi.org/simple" }
dependencies = [
    { name = "colorama", marker = "sys_platform == 'win32'" },
    { name = "iniconfig" },
    { name = "packaging" },
    { name = "pluggy" },
    { name = "pygments" },
]
sdist = { url = "https://files.pythonhosted.org/packages/84/0e/b5858858d74958632c49b72cb25a3976ff9f632397626715be71c89d3971/pytest-9.1.0.tar.gz", hash = "sha256:41dd9148c08072446394cefd3d79701701335a9f4cae69ba92e39f6c7f5c061c", size = 1634181, upload-time = "2026-06-13T18:52:45.983Z" }
wheels = [
    { url = "https://files.pythonhosted.org/packages/8b/5a/ba30a81239b909821b3153e303e7def45178bf353da4f72380e6c5e8793b/pytest-9.1.0-py3-none-any.whl", hash = "sha256:8ebb0e7888bdf2bdfc602ec51f8f62d50200af37356c74e503c79a94f5c81f32", size = 386453, upload-time = "2026-06-13T18:52:44.045Z" },
]

[[package]]
name = "pyyaml"
version = "6.0.3"
source = { registry = "https://pypi.org/simple" }
sdist = { url = "https://files.pythonhosted.org/packages/05/8e/961c0007c59b8dd7729d542c61a4d537767a59645b82a0b521206e1e25c2/pyyaml-6.0.3.tar.gz", hash = "sha256:d76623373421df22fb4cf8817020cbb7ef15c725b9d5e45f17e189bfc384190f", size = 130960, upload-time = "2025-09-25T21:33:16.546Z" }
wheels = [
    { url = "https://files.pythonhosted.org/packages/9d/8c/f4bd7f6465179953d3ac9bc44ac1a8a3e6122cf8ada906b4f96c60172d43/pyyaml-6.0.3-cp314-cp314-macosx_10_13_x86_64.whl", hash = "sha256:8d1fab6bb153a416f9aeb4b8763bc0f22a5586065f86f7664fc23339fc1c1fac", size = 181814, upload-time = "2025-09-25T21:32:35.712Z" },
    { url = "https://files.pythonhosted.org/packages/bd/9c/4d95bb87eb2063d20db7b60faa3840c1b18025517ae857371c4dd55a6b3a/pyyaml-6.0.3-cp314-cp314-macosx_11_0_arm64.whl", hash = "sha256:34d5fcd24b8445fadc33f9cf348c1047101756fd760b4dacb5c3e99755703310", size = 173809, upload-time = "2025-09-25T21:32:36.789Z" },
    { url = "https://files.pythonhosted.org/packages/92/b5/47e807c2623074914e29dabd16cbbdd4bf5e9b2db9f8090fa64411fc5382/pyyaml-6.0.3-cp314-cp314-manylinux2014_aarch64.manylinux_2_17_aarch64.manylinux_2_28_aarch64.whl", hash = "sha256:501a031947e3a9025ed4405a168e6ef5ae3126c59f90ce0cd6f2bfc477be31b7", size = 766454, upload-time = "2025-09-25T21:32:37.966Z" },
    { url = "https://files.pythonhosted.org/packages/02/9e/e5e9b168be58564121efb3de6859c452fccde0ab093d8438905899a3a483/pyyaml-6.0.3-cp314-cp314-manylinux2014_s390x.manylinux_2_17_s390x.manylinux_2_28_s390x.whl", hash = "sha256:b3bc83488de33889877a0f2543ade9f70c67d66d9ebb4ac959502e12de895788", size = 836355, upload-time = "2025-09-25T21:32:39.178Z" },
    { url = "https://files.pythonhosted.org/packages/88/f9/16491d7ed2a919954993e48aa941b200f38040928474c9e85ea9e64222c3/pyyaml-6.0.3-cp314-cp314-manylinux2014_x86_64.manylinux_2_17_x86_64.manylinux_2_28_x86_64.whl", hash = "sha256:c458b6d084f9b935061bc36216e8a69a7e293a2f1e68bf956dcd9e6cbcd143f5", size = 794175, upload-time = "2025-09-25T21:32:40.865Z" },
    { url = "https://files.pythonhosted.org/packages/dd/3f/5989debef34dc6397317802b527dbbafb2b4760878a53d4166579111411e/pyyaml-6.0.3-cp314-cp314-musllinux_1_2_aarch64.whl", hash = "sha256:7c6610def4f163542a622a73fb39f534f8c101d690126992300bf3207eab9764", size = 755228, upload-time = "2025-09-25T21:32:42.084Z" },
    { url = "https://files.pythonhosted.org/packages/d7/ce/af88a49043cd2e265be63d083fc75b27b6ed062f5f9fd6cdc223ad62f03e/pyyaml-6.0.3-cp314-cp314-musllinux_1_2_x86_64.whl", hash = "sha256:5190d403f121660ce8d1d2c1bb2ef1bd05b5f68533fc5c2ea899bd15f4399b35", size = 789194, upload-time = "2025-09-25T21:32:43.362Z" },
    { url = "https://files.pythonhosted.org/packages/23/20/bb6982b26a40bb43951265ba29d4c246ef0ff59c9fdcdf0ed04e0687de4d/pyyaml-6.0.3-cp314-cp314-win_amd64.whl", hash = "sha256:4a2e8cebe2ff6ab7d1050ecd59c25d4c8bd7e6f400f5f82b96557ac0abafd0ac", size = 156429, upload-time = "2025-09-25T21:32:57.844Z" },
    { url = "https://files.pythonhosted.org/packages/f4/f4/a4541072bb9422c8a883ab55255f918fa378ecf083f5b85e87fc2b4eda1b/pyyaml-6.0.3-cp314-cp314-win_arm64.whl", hash = "sha256:93dda82c9c22deb0a405ea4dc5f2d0cda384168e466364dec6255b293923b2f3", size = 143912, upload-time = "2025-09-25T21:32:59.247Z" },
    { url = "https://files.pythonhosted.org/packages/7c/f9/07dd09ae774e4616edf6cda684ee78f97777bdd15847253637a6f052a62f/pyyaml-6.0.3-cp314-cp314t-macosx_10_13_x86_64.whl", hash = "sha256:02893d100e99e03eda1c8fd5c441d8c60103fd175728e23e431db1b589cf5ab3", size = 189108, upload-time = "2025-09-25T21:32:44.377Z" },
    { url = "https://files.pythonhosted.org/packages/4e/78/8d08c9fb7ce09ad8c38ad533c1191cf27f7ae1effe5bb9400a46d9437fcf/pyyaml-6.0.3-cp314-cp314t-macosx_11_0_arm64.whl", hash = "sha256:c1ff362665ae507275af2853520967820d9124984e0f7466736aea23d8611fba", size = 183641, upload-time = "2025-09-25T21:32:45.407Z" },
    { url = "https://files.pythonhosted.org/packages/7b/5b/3babb19104a46945cf816d047db2788bcaf8c94527a805610b0289a01c6b/pyyaml-6.0.3-cp314-cp314t-manylinux2014_aarch64.manylinux_2_17_aarch64.manylinux_2_28_aarch64.whl", hash = "sha256:6adc77889b628398debc7b65c073bcb99c4a0237b248cacaf3fe8a557563ef6c", size = 831901, upload-time = "2025-09-25T21:32:48.83Z" },
    { url = "https://files.pythonhosted.org/packages/8b/cc/dff0684d8dc44da4d22a13f35f073d558c268780ce3c6ba1b87055bb0b87/pyyaml-6.0.3-cp314-cp314t-manylinux2014_s390x.manylinux_2_17_s390x.manylinux_2_28_s390x.whl", hash = "sha256:a80cb027f6b349846a3bf6d73b5e95e782175e52f22108cfa17876aaeff93702", size = 861132, upload-time = "2025-09-25T21:32:50.149Z" },
    { url = "https://files.pythonhosted.org/packages/b1/5e/f77dc6b9036943e285ba76b49e118d9ea929885becb0a29ba8a7c75e29fe/pyyaml-6.0.3-cp314-cp314t-manylinux2014_x86_64.manylinux_2_17_x86_64.manylinux_2_28_x86_64.whl", hash = "sha256:00c4bdeba853cc34e7dd471f16b4114f4162dc03e6b7afcc2128711f0eca823c", size = 839261, upload-time = "2025-09-25T21:32:51.808Z" },
    { url = "https://files.pythonhosted.org/packages/ce/88/a9db1376aa2a228197c58b37302f284b5617f56a5d959fd1763fb1675ce6/pyyaml-6.0.3-cp314-cp314t-musllinux_1_2_aarch64.whl", hash = "sha256:66e1674c3ef6f541c35191caae2d429b967b99e02040f5ba928632d9a7f0f065", size = 805272, upload-time = "2025-09-25T21:32:52.941Z" },
    { url = "https://files.pythonhosted.org/packages/da/92/1446574745d74df0c92e6aa4a7b0b3130706a4142b2d1a5869f2eaa423c6/pyyaml-6.0.3-cp314-cp314t-musllinux_1_2_x86_64.whl", hash = "sha256:16249ee61e95f858e83976573de0f5b2893b3677ba71c9dd36b9cf8be9ac6d65", size = 829923, upload-time = "2025-09-25T21:32:54.537Z" },
    { url = "https://files.pythonhosted.org/packages/f0/7a/1c7270340330e575b92f397352af856a8c06f230aa3e76f86b39d01b416a/pyyaml-6.0.3-cp314-cp314t-win_amd64.whl", hash = "sha256:4ad1906908f2f5ae4e5a8ddfce73c320c2a1429ec52eafd27138b7f1cbe341c9", size = 174062, upload-time = "2025-09-25T21:32:55.767Z" },
    { url = "https://files.pythonhosted.org/packages/f1/12/de94a39c2ef588c7e6455cfbe7343d3b2dc9d6b6b2f40c4c6565744c873d/pyyaml-6.0.3-cp314-cp314t-win_arm64.whl", hash = "sha256:ebc55a14a21cb14062aa4162f906cd962b28e2e9ea38f9b4391244cd8de4ae0b", size = 149341, upload-time = "2025-09-25T21:32:56.828Z" },
]

[[package]]
name = "ruff"
version = "0.15.17"
source = { registry = "https://pypi.org/simple" }
sdist = { url = "https://files.pythonhosted.org/packages/8c/a9/3abdf488f1bf3d24c699415e454ed554a6350d5d89ce183be1ee0a3361ac/ruff-0.15.17.tar.gz", hash = "sha256:2ec446937fd16c8c4de2674a209cc5af64d9c6f17d21fbf1151054fa0bcf5219", size = 4743346, upload-time = "2026-06-11T17:54:47.663Z" }
wheels = [
    { url = "https://files.pythonhosted.org/packages/db/4d/e11259f5da07cb6afb2d074c31bf09da9671993f7329d4f15d2fdc458301/ruff-0.15.17-py3-none-linux_armv6l.whl", hash = "sha256:d9feddb927fc68bd295f5eebc587a7e42cfaf9b65f60ca4a2386febff575da8f", size = 10856677, upload-time = "2026-06-11T17:54:49.533Z" },
    { url = "https://files.pythonhosted.org/packages/29/3e/772d679e1a0dc058e58875bd2c0cb713a0530877b4a76fee3c7966df0d49/ruff-0.15.17-py3-none-macosx_10_12_x86_64.whl", hash = "sha256:25805a226d741c47d274a35ad5c10a7dde175fcddfa511d7cf3da0a21eb3eab7", size = 11223443, upload-time = "2026-06-11T17:55:00.573Z" },
    { url = "https://files.pythonhosted.org/packages/68/58/bd41f7688b2fd5623012605130ed70e60aa7f2244baa3d5066bdd61530c8/ruff-0.15.17-py3-none-macosx_11_0_arm64.whl", hash = "sha256:f6ad73b14c2d18a3bf8ad7cb6974294d7f613a7898604826058e6ac64918ef4d", size = 10566458, upload-time = "2026-06-11T17:55:07.52Z" },
    { url = "https://files.pythonhosted.org/packages/d8/5b/733371013fcf1ec339e477ece6ab42bfe10bdd9bba8ee88a9516aa56bfc0/ruff-0.15.17-py3-none-manylinux_2_17_aarch64.manylinux2014_aarch64.whl", hash = "sha256:6ba0c1e4f95bcb3869d0d30cbd5917071ef2e28665abfec970cdab0492c713ed", size = 10914483, upload-time = "2026-06-11T17:55:05.501Z" },
    { url = "https://files.pythonhosted.org/packages/bd/cc/6f24251cc0252f7239391ccb85833f320efad14ebe5b443943f37ced6332/ruff-0.15.17-py3-none-manylinux_2_17_armv7l.manylinux2014_armv7l.whl", hash = "sha256:81647960f10bff57d2e51cadd0c3950fe598400c852863a038720ef5b8cca91e", size = 10647497, upload-time = "2026-06-11T17:54:57.733Z" },
    { url = "https://files.pythonhosted.org/packages/68/dd/0d10c17ce1a1624d6fc3156309c3f834fdb5dfaad026ec90c85684f3990e/ruff-0.15.17-py3-none-manylinux_2_17_i686.manylinux2014_i686.whl", hash = "sha256:0e01a84ddbc8c16c23055ba3924476850f1bbc1917cebbb9376665a63e74260d", size = 11416967, upload-time = "2026-06-11T17:54:51.461Z" },
    { url = "https://files.pythonhosted.org/packages/2f/91/556bfb156f6144f355e831c23db00b2fc4120f86b3ce81cc5f7fd2df51f3/ruff-0.15.17-py3-none-manylinux_2_17_ppc64le.manylinux2014_ppc64le.whl", hash = "sha256:84fe9f653152f8f294f9f7e03bf3a453d8b4a27f7a59c78c8666167f2b17b96c", size = 12335770, upload-time = "2026-06-11T17:54:45.793Z" },
    { url = "https://files.pythonhosted.org/packages/88/82/8b5999aa13355e926f06d9f42a32dcca862f623bf0363785ff89d607dffd/ruff-0.15.17-py3-none-manylinux_2_17_s390x.manylinux2014_s390x.whl", hash = "sha256:8c0fe88a7676e7a05b73174d4d4a59cb2ac21ff8263583f87a81a6018475a978", size = 11575441, upload-time = "2026-06-11T17:54:32.661Z" },
    { url = "https://files.pythonhosted.org/packages/11/93/f10377bb04109ca0e8cbc483ff1982c54b6d418210041776f93e8cdc7fa9/ruff-0.15.17-py3-none-manylinux_2_17_x86_64.manylinux2014_x86_64.whl", hash = "sha256:ecfc3c7878fff94633ab0348524e093f9ce3243080416dd7d14f8ba400174719", size = 11557614, upload-time = "2026-06-11T17:54:34.698Z" },
    { url = "https://files.pythonhosted.org/packages/c7/a6/eeeae7f7d5493df41649ab3db92f086b2d0a30199e4efdf8e3dd7a033f24/ruff-0.15.17-py3-none-manylinux_2_31_riscv64.whl", hash = "sha256:b8461180b22420b1bdc289909410930761629fddf2a5aaf60fae1ab26cedc4c4", size = 11544450, upload-time = "2026-06-11T17:54:39.042Z" },
    { url = "https://files.pythonhosted.org/packages/32/88/5991ce565129a24dd4a00db1254b3b5db2e53018cbe4018ea5a89738e727/ruff-0.15.17-py3-none-musllinux_1_2_aarch64.whl", hash = "sha256:6eccbe50a038b503e7140b441aa9c7fc8c1f36edf23ebef9f4165c2f28f568b7", size = 10892524, upload-time = "2026-06-11T17:55:09.432Z" },
    { url = "https://files.pythonhosted.org/packages/f5/1d/0fdd248313425f55223968af04b0a42125466a8d88d21c1d99c6af0a51e8/ruff-0.15.17-py3-none-musllinux_1_2_armv7l.whl", hash = "sha256:382fc0521025f5a8ad447d8bdd523545d0d7646adb718eb1c2dac5065ec27c0f", size = 10659573, upload-time = "2026-06-11T17:54:36.824Z" },
    { url = "https://files.pythonhosted.org/packages/9e/0e/072e8260deb9461062ce9311ced27a8e541229a6ffd483013dd37661e43e/ruff-0.15.17-py3-none-musllinux_1_2_i686.whl", hash = "sha256:456d41fcd1b2777ad63f09a6e7121d43f7b688bbc76a800c10f7f8fb1f912c3f", size = 11127818, upload-time = "2026-06-11T17:55:03.124Z" },
    { url = "https://files.pythonhosted.org/packages/ab/b4/55060a34163121498014696b5f656db5b8c6963768f227dbf0d76b311073/ruff-0.15.17-py3-none-musllinux_1_2_x86_64.whl", hash = "sha256:b1a04bcc94ae6194e9db05d16ad31f298a7194bfbcb08258bbe589cee1d587b8", size = 11655901, upload-time = "2026-06-11T17:54:53.562Z" },
    { url = "https://files.pythonhosted.org/packages/49/71/9b29d6b87cef468d697f43c6a91e3fae4a80185779d7d5a4ef27d173439f/ruff-0.15.17-py3-none-win32.whl", hash = "sha256:596065960ab1ff593f744220c9fe6580eda00a95003cffa9f4048bb5b1bf0392", size = 10925574, upload-time = "2026-06-11T17:54:55.723Z" },
    { url = "https://files.pythonhosted.org/packages/3d/b2/8fc77f3723228836fa5d12497eb71c808f83782e10d058d2b15cfa14640b/ruff-0.15.17-py3-none-win_amd64.whl", hash = "sha256:6769e5fa1710b179b92e0bfa5a51735b35baea9013dadb06d5f44cbcf9547084", size = 12058788, upload-time = "2026-06-11T17:54:41.042Z" },
    { url = "https://files.pythonhosted.org/packages/2d/c7/c53e8dbff9c9dc4b7928773421ae294a5d28fcb8dcda1a089579d3a7e510/ruff-0.15.17-py3-none-win_arm64.whl", hash = "sha256:f3be1fbb34bcdfd146240d8fb92a709d4c2c8191348580a3c044ec60fa0b4456", size = 11355275, upload-time = "2026-06-11T17:54:43.635Z" },
]

[[package]]
name = "tombi"
version = "1.1.3"
source = { registry = "https://pypi.org/simple" }
wheels = [
    { url = "https://files.pythonhosted.org/packages/8b/8a/5a736df332430b6c410a8966304497b5ab8eea8b4eb7402dc5c2a8bb4ac9/tombi-1.1.3-py3-none-macosx_10_12_x86_64.whl", hash = "sha256:1b1e35fb5723a78d73bdc587380372a2585ea8aa63dc82567d14daadff77e8ec", size = 10429894, upload-time = "2026-06-09T23:29:31.167Z" },
    { url = "https://files.pythonhosted.org/packages/58/00/33e4646669cb6b15f9493ca0f04ae534b3ed87405dbdac4accffbd5be80c/tombi-1.1.3-py3-none-macosx_11_0_arm64.whl", hash = "sha256:70b96d31206b17837e6fa434a2a51d2a74e070e7bcccf801a01d89772e6ee96a", size = 10100360, upload-time = "2026-06-09T23:29:33.665Z" },
    { url = "https://files.pythonhosted.org/packages/18/43/2eff15004b9679c14fc330ebc209f66feb32199f451ea2f357dc3f10fdfc/tombi-1.1.3-py3-none-manylinux_2_17_armv7l.manylinux2014_armv7l.whl", hash = "sha256:33340c7b2c50e8d9a365937bdcbc714b0eb46d1c61e04c29e31bcca111801646", size = 10430294, upload-time = "2026-06-09T23:29:35.79Z" },
    { url = "https://files.pythonhosted.org/packages/33/31/59ec48bd85fcfcacd0675b933cf808314fed1742b844c0f99fb0b90eb9b2/tombi-1.1.3-py3-none-manylinux_2_17_i686.manylinux2014_i686.whl", hash = "sha256:1935c75f9ff4f482127262d2c9b279313561f121053a9ad7beff0fcc90af091a", size = 11740736, upload-time = "2026-06-09T23:29:37.906Z" },
    { url = "https://files.pythonhosted.org/packages/30/05/561257cea4a2c33450e3d6005a86637669d5f7115eba6275b64c918ac54b/tombi-1.1.3-py3-none-manylinux_2_17_ppc64le.manylinux2014_ppc64le.whl", hash = "sha256:9a85efe0e51a125ec71cfdf5ffa4159d79ac4c32a095874caa4a0bbd81bafc67", size = 11804590, upload-time = "2026-06-09T23:29:39.898Z" },
    { url = "https://files.pythonhosted.org/packages/36/4d/8f3d3ba9bf506bb05dfd456f26e917ce1fea8bd02c811ffda742779f3a07/tombi-1.1.3-py3-none-manylinux_2_17_s390x.manylinux2014_s390x.whl", hash = "sha256:14cad519a2976d387706301fc116e40fe9a76455487aaf9709083774cab4802a", size = 10475615, upload-time = "2026-06-09T23:29:42.106Z" },
    { url = "https://files.pythonhosted.org/packages/05/61/0ded67bc621628fb6c3fda602c2e010e112c0c009024540d79df4373487e/tombi-1.1.3-py3-none-manylinux_2_17_x86_64.manylinux2014_x86_64.whl", hash = "sha256:d69c0648fb6eb9e1f5c0ac87bcaff8a1eb4c211a0ef006d8ff3be2ba71ec67d0", size = 10890834, upload-time = "2026-06-09T23:29:44.315Z" },
    { url = "https://files.pythonhosted.org/packages/c0/ba/f6dd48b61b6f4e3e48fe13dfe6a973166744efa8cfd79d288b47a16ad549/tombi-1.1.3-py3-none-manylinux_2_28_aarch64.whl", hash = "sha256:e6a3053832964894777b70cb9bf649107b5d652138fc945267bb5158a1978412", size = 10639476, upload-time = "2026-06-09T23:29:46.597Z" },
    { url = "https://files.pythonhosted.org/packages/45/f6/4c35fa5b90f6fc650d01c848a6833169597ec0018f38663dc4dd8c37445c/tombi-1.1.3-py3-none-musllinux_1_2_aarch64.whl", hash = "sha256:b54fbd4f8ba39affa36b46d029c6941462775816c9479f558203e1a1dab1d9eb", size = 10681795, upload-time = "2026-06-09T23:29:48.958Z" },
    { url = "https://files.pythonhosted.org/packages/92/74/7ebb43fa4c26194f3ceb4f8236eb2cc54aa8f331269c795659e7cbbeee8e/tombi-1.1.3-py3-none-musllinux_1_2_armv7l.whl", hash = "sha256:2e41bf9b082d3c96ce2d941570ccde7c7b93194dae38c88fb5c4d94d33d39eae", size = 10473703, upload-time = "2026-06-09T23:29:51.087Z" },
    { url = "https://files.pythonhosted.org/packages/87/4b/d0bc376d90f651e08f5487880c18fc99acf0af012df1ac89a434dedfaa94/tombi-1.1.3-py3-none-musllinux_1_2_i686.whl", hash = "sha256:50231f4ba1ee5eed5ea3c955c2dac218d065d3b9d70d6c7f89e30c57feeac2f9", size = 11155028, upload-time = "2026-06-09T23:29:53.331Z" },
    { url = "https://files.pythonhosted.org/packages/b1/8f/fcf4456ab9e5a7fc3e0eb9890afb3e853fd2395d72bfb54171b8d2120a03/tombi-1.1.3-py3-none-musllinux_1_2_x86_64.whl", hash = "sha256:ee5fa18967cf925cb92f724d865e6c92dc175cb98491fe7d211ae251d2582c08", size = 11137446, upload-time = "2026-06-09T23:29:55.861Z" },
    { url = "https://files.pythonhosted.org/packages/31/17/ef08b1b611748b13036daced6d11227d7fa48f6b293f62f6f27d042e6346/tombi-1.1.3-py3-none-win32.whl", hash = "sha256:7cf30230f03a934272ed891956b5f964225baf872a0f36c16c85d90d13427504", size = 8512725, upload-time = "2026-06-09T23:29:57.705Z" },
    { url = "https://files.pythonhosted.org/packages/ee/07/48867449d0f7c0409e059205ff3ae8206cf359ccb65b81d60bb8d2d38435/tombi-1.1.3-py3-none-win_amd64.whl", hash = "sha256:e9d53296eef62e7c9db7cc6ee4f8a8cb48ae8220f92996436d3c796e85b62a19", size = 9921228, upload-time = "2026-06-09T23:30:00.216Z" },
]

[[package]]
name = "ty"
version = "0.0.49"
source = { registry = "https://pypi.org/simple" }
sdist = { url = "https://files.pythonhosted.org/packages/1d/8d/37cb91808069509d43a2a11743e12f1e854fd808dbef2203309d256718cd/ty-0.0.49.tar.gz", hash = "sha256:0a027bd0c9c75d035641a365d087ad883446057f9be0b9826251c2aecafbf145", size = 5884753, upload-time = "2026-06-12T03:08:20.221Z" }
wheels = [
    { url = "https://files.pythonhosted.org/packages/ca/de/9237c6a96356612dd0393db1e94cf21f903616adf3a3701bf3da6e4adc92/ty-0.0.49-py3-none-linux_armv6l.whl", hash = "sha256:12c0c4310b936d762a8586c210b53d4fa4bb361a04429afa89bf84b922e5e065", size = 11834671, upload-time = "2026-06-12T03:07:53.062Z" },
    { url = "https://files.pythonhosted.org/packages/8f/15/daf5a14a5e07012277d450c75325c94614e2acfec4c620c881486118c410/ty-0.0.49-py3-none-macosx_10_12_x86_64.whl", hash = "sha256:737bfdc2caf9712a8580944dcdc80a450a37a4f2bc83c8fa9b7433b374f9e471", size = 11589570, upload-time = "2026-06-12T03:08:25.779Z" },
    { url = "https://files.pythonhosted.org/packages/7d/58/30bdf98436488aca25f0763bf7f92a061528d42461b686453029e845e4c5/ty-0.0.49-py3-none-macosx_11_0_arm64.whl", hash = "sha256:ab90c1baf3b1701d282fce4b02fa552a962d109f8972c46ef6b22429503bfea4", size = 10985236, upload-time = "2026-06-12T03:08:36.664Z" },
    { url = "https://files.pythonhosted.org/packages/22/45/ece503e4a1396e13a1a9a0cde51afe476a6506a1d557eeadf8ad45c83bc0/ty-0.0.49-py3-none-manylinux_2_17_aarch64.manylinux2014_aarch64.whl", hash = "sha256:b4ce8ecf6ba6fc79bd137cc0557a754f7e5f2dfe9436412551d480d680e248ad", size = 11504302, upload-time = "2026-06-12T03:08:01.664Z" },
    { url = "https://files.pythonhosted.org/packages/17/dc/5d09333d289dfbca1804eaade125c9e8a1a992a2a592a8b80c5e9b589ca9/ty-0.0.49-py3-none-manylinux_2_17_armv7l.manylinux2014_armv7l.whl", hash = "sha256:10d85c6865c984e78661e0bd20b180514b4a289739224e84816e342bdf381e04", size = 11626629, upload-time = "2026-06-12T03:08:06.844Z" },
    { url = "https://files.pythonhosted.org/packages/f2/36/155f41c9dd7237c4b609211f29f77755a139ee6218605dadc7fe21d5e3c8/ty-0.0.49-py3-none-manylinux_2_17_i686.manylinux2014_i686.whl", hash = "sha256:1d96a67a206619e01fa92f35a22267ec634bba62be24b1d0e947020cc179995b", size = 12074481, upload-time = "2026-06-12T03:08:09.643Z" },
    { url = "https://files.pythonhosted.org/packages/96/4c/998ee13cd5045f1f8b36982de7343163832ac53f27debe01b0de0e8bd968/ty-0.0.49-py3-none-manylinux_2_17_ppc64le.manylinux2014_ppc64le.whl", hash = "sha256:3de9f648564e0a66344ef397770387cb0d093735f8679d2c5a08a4741e79814d", size = 12678042, upload-time = "2026-06-12T03:08:39.319Z" },
    { url = "https://files.pythonhosted.org/packages/85/c9/9a505aba85c41ce54cbcaa14f8d79aa084b86151d2d70df11c4655b92898/ty-0.0.49-py3-none-manylinux_2_17_s390x.manylinux2014_s390x.whl", hash = "sha256:5779179ab397d15f8c9dbb8f506ec1b1745f54eac639982f76ef3ce538943b50", size = 12316194, upload-time = "2026-06-12T03:08:18.023Z" },
    { url = "https://files.pythonhosted.org/packages/c9/b8/ded37fb93503294abbc83c36470bb1413bea05048b745881d4470b518a06/ty-0.0.49-py3-none-manylinux_2_17_x86_64.manylinux2014_x86_64.whl", hash = "sha256:792d4974e93cc09bd32f934586080bbbe21b8e777099cb521cb2de18b68a49f0", size = 12145507, upload-time = "2026-06-12T03:07:56.505Z" },
    { url = "https://files.pythonhosted.org/packages/2f/07/392e80d78f02445f695b815bb9eb0fffacda68b03faee38c900f7b990815/ty-0.0.49-py3-none-manylinux_2_31_riscv64.whl", hash = "sha256:727bda86deb136073e525c2e78d60e38aedcce5d80579170844a52bbf7c1440d", size = 12365967, upload-time = "2026-06-12T03:08:12.553Z" },
    { url = "https://files.pythonhosted.org/packages/50/d3/31b0c2a7fbedd3373e389cb1d81b8d2128f6f868fafb46557736a6f9aca8/ty-0.0.49-py3-none-musllinux_1_2_aarch64.whl", hash = "sha256:4f2fc2bc4a8d2ff1cca59fd94772cabdfec4062d47a0b3a0784be46d94d0540b", size = 11475283, upload-time = "2026-06-12T03:08:28.334Z" },
    { url = "https://files.pythonhosted.org/packages/5a/5b/329e101638920b468a3bb63059c9f66ef99b44aac501222c44832a507321/ty-0.0.49-py3-none-musllinux_1_2_armv7l.whl", hash = "sha256:3724bd9badef333321578b6a941fbc571ebf49141ec2356a8590fbe4c9aa588d", size = 11645343, upload-time = "2026-06-12T03:08:15.246Z" },
    { url = "https://files.pythonhosted.org/packages/a9/76/c897e615e32f80ca81c8c1bc49b9a1f72ff9e3cfea0f8345ba505fe28472/ty-0.0.49-py3-none-musllinux_1_2_i686.whl", hash = "sha256:166c6eb52ee4af3c5a9bb267d165d93000daa55c6758cd8ff3199741fb75917d", size = 11725585, upload-time = "2026-06-12T03:08:33.915Z" },
    { url = "https://files.pythonhosted.org/packages/59/e1/fdb42ee239f618800842681af5bb8598117e74512c10974a8b7b9086a898/ty-0.0.49-py3-none-musllinux_1_2_x86_64.whl", hash = "sha256:91e81d832c287b05782ee32eb1b801f62c1fa08df37d589d2b88c3f1d51c9731", size = 12237261, upload-time = "2026-06-12T03:08:31.105Z" },
    { url = "https://files.pythonhosted.org/packages/98/0f/a2d6a5fc9d0786cbeb3c200786da4e18c203589be3984bb5def83ca92320/ty-0.0.49-py3-none-win32.whl", hash = "sha256:7186af5ca9829d1f5d8916bcf767b8e819bfbf61b1b8ec843bb3fc699cb502e1", size = 11100789, upload-time = "2026-06-12T03:07:59.092Z" },
    { url = "https://files.pythonhosted.org/packages/d0/9d/473ac8bc57b5a2d121da893bf9dd74a118efb19a01d711df1a6e397f05cc/ty-0.0.49-py3-none-win_amd64.whl", hash = "sha256:ae2142fc126a01effcca0c222908b0e6654b5ba1266d4e4d406e4866aef8e1d1", size = 12204644, upload-time = "2026-06-12T03:08:04.327Z" },
    { url = "https://files.pythonhosted.org/packages/ef/a2/8959249da951ba3977fee20e688d28678b8a1d30a9ed4464228a85d45853/ty-0.0.49-py3-none-win_arm64.whl", hash = "sha256:75d5e2e7649765f31f4bed6c8adb149a75b18edd3fa6336dac4d0efc1a66466f", size = 11558965, upload-time = "2026-06-12T03:08:23.012Z" },
]

[[package]]
name = "vulture"
version = "2.16"
source = { registry = "https://pypi.org/simple" }
sdist = { url = "https://files.pythonhosted.org/packages/66/3e/4d08c5903b2c0c70cad583c170cc4a663fc6a61e2ad00b711fcda61358cd/vulture-2.16.tar.gz", hash = "sha256:f8d9f6e2af03011664a3c6c240c9765b3f392917d3135fddca6d6a68d359f717", size = 52680, upload-time = "2026-03-25T14:41:27.141Z" }
wheels = [
    { url = "https://files.pythonhosted.org/packages/f5/be/f935130312330614811dae2ea9df3f395f6d63889eb6c2e68c14507152ee/vulture-2.16-py3-none-any.whl", hash = "sha256:6e0f1c312cef1c87856957e5c2ca9608834a7c794c2180477f30bf0e4cc58eee", size = 26993, upload-time = "2026-03-25T14:41:26.21Z" },
]
